// !$*UTF8*$!
{
	archiveVersion = 1;
	classes = {
	};
	objectVersion = 56;
	objects = {

/* Begin PBXBuildFile section */
		AB1CBEB32B1F288C001C3300 /* TrackerRecordsRepositoryImplCoreData.swift in Sources */ = {isa = PBXBuildFile; fileRef = AB1CBEB22B1F288C001C3300 /* TrackerRecordsRepositoryImplCoreData.swift */; };
		AB1CBEB62B222A7F001C3300 /* CategoryDataProvider.swift in Sources */ = {isa = PBXBuildFile; fileRef = AB1CBEB52B222A7F001C3300 /* CategoryDataProvider.swift */; };
		AB1CBEB82B223963001C3300 /* CategoryDataProviderDelegate.swift in Sources */ = {isa = PBXBuildFile; fileRef = AB1CBEB72B223963001C3300 /* CategoryDataProviderDelegate.swift */; };
		AB1CBEBA2B223B2D001C3300 /* CategoryDataProviderProtocol.swift in Sources */ = {isa = PBXBuildFile; fileRef = AB1CBEB92B223B2D001C3300 /* CategoryDataProviderProtocol.swift */; };
		AB39A4712B2C5EE7007F6534 /* OnboardingPageViewController.swift in Sources */ = {isa = PBXBuildFile; fileRef = AB39A4702B2C5EE7007F6534 /* OnboardingPageViewController.swift */; };
		AB39A4732B30D52B007F6534 /* PinnedTrackersRepository.swift in Sources */ = {isa = PBXBuildFile; fileRef = AB39A4722B30D52B007F6534 /* PinnedTrackersRepository.swift */; };
		AB39A4752B30D629007F6534 /* PinnedTrackersRepositoryImplUserDef.swift in Sources */ = {isa = PBXBuildFile; fileRef = AB39A4742B30D629007F6534 /* PinnedTrackersRepositoryImplUserDef.swift */; };
		AB39A47C2B360598007F6534 /* TrackersPlaceholderState.swift in Sources */ = {isa = PBXBuildFile; fileRef = AB39A47B2B360598007F6534 /* TrackersPlaceholderState.swift */; };
		AB39A47E2B38AD45007F6534 /* TrackersPackData.swift in Sources */ = {isa = PBXBuildFile; fileRef = AB39A47D2B38AD45007F6534 /* TrackersPackData.swift */; };
		AB3BD3132AED18C900BC3BD7 /* TrackerType.swift in Sources */ = {isa = PBXBuildFile; fileRef = AB3BD3122AED18C900BC3BD7 /* TrackerType.swift */; };
		AB3BD31C2AED8CA100BC3BD7 /* EmojiCell.swift in Sources */ = {isa = PBXBuildFile; fileRef = AB3BD31B2AED8CA100BC3BD7 /* EmojiCell.swift */; };
		AB3BD3232AED91A300BC3BD7 /* TrackerCreatorViewController.swift in Sources */ = {isa = PBXBuildFile; fileRef = AB3BD3222AED91A300BC3BD7 /* TrackerCreatorViewController.swift */; };
		AB3BD3252AED970500BC3BD7 /* WeekDays.swift in Sources */ = {isa = PBXBuildFile; fileRef = AB3BD3242AED970500BC3BD7 /* WeekDays.swift */; };
		AB3BD3272AED9A6700BC3BD7 /* TrackerEmoji.swift in Sources */ = {isa = PBXBuildFile; fileRef = AB3BD3262AED9A6700BC3BD7 /* TrackerEmoji.swift */; };
		AB3BD32A2AED9AE800BC3BD7 /* TrackerModel.swift in Sources */ = {isa = PBXBuildFile; fileRef = AB3BD3292AED9AE800BC3BD7 /* TrackerModel.swift */; };
		AB3BD32D2AED9DB000BC3BD7 /* TrackerCategoryRepository.swift in Sources */ = {isa = PBXBuildFile; fileRef = AB3BD32C2AED9DB000BC3BD7 /* TrackerCategoryRepository.swift */; };
		AB3BD3312AEE8E4F00BC3BD7 /* SectionTitleHeaderView.swift in Sources */ = {isa = PBXBuildFile; fileRef = AB3BD3302AEE8E4F00BC3BD7 /* SectionTitleHeaderView.swift */; };
		AB3BD3332AEEA4F000BC3BD7 /* ColorsCell.swift in Sources */ = {isa = PBXBuildFile; fileRef = AB3BD3322AEEA4F000BC3BD7 /* ColorsCell.swift */; };
		AB3BD3352AEEBAF800BC3BD7 /* ButtonsCell.swift in Sources */ = {isa = PBXBuildFile; fileRef = AB3BD3342AEEBAF800BC3BD7 /* ButtonsCell.swift */; };
		AB3BD33B2AEFB8A600BC3BD7 /* TrackerCreatorTitleCell.swift in Sources */ = {isa = PBXBuildFile; fileRef = AB3BD33A2AEFB8A600BC3BD7 /* TrackerCreatorTitleCell.swift */; };
		AB3BD33D2AF2A2BC00BC3BD7 /* SettingsMenuCell.swift in Sources */ = {isa = PBXBuildFile; fileRef = AB3BD33C2AF2A2BC00BC3BD7 /* SettingsMenuCell.swift */; };
		AB3BD33F2AF2B39300BC3BD7 /* TrackerCreatorSettingsCell.swift in Sources */ = {isa = PBXBuildFile; fileRef = AB3BD33E2AF2B39300BC3BD7 /* TrackerCreatorSettingsCell.swift */; };
		AB3BD3422AF2B52600BC3BD7 /* SettingsMenuCellType.swift in Sources */ = {isa = PBXBuildFile; fileRef = AB3BD3412AF2B52600BC3BD7 /* SettingsMenuCellType.swift */; };
		AB3BD3452AF3C74500BC3BD7 /* TrackerCreatorViewModel.swift in Sources */ = {isa = PBXBuildFile; fileRef = AB3BD3442AF3C74500BC3BD7 /* TrackerCreatorViewModel.swift */; };
		AB3BD3472AF3CC8E00BC3BD7 /* TrackerCategory.swift in Sources */ = {isa = PBXBuildFile; fileRef = AB3BD3462AF3CC8E00BC3BD7 /* TrackerCategory.swift */; };
		AB3BD34A2AF6BAC000BC3BD7 /* TrackerCreatorCVCellDelegate.swift in Sources */ = {isa = PBXBuildFile; fileRef = AB3BD3492AF6BAC000BC3BD7 /* TrackerCreatorCVCellDelegate.swift */; };
		AB3BD34D2AF6DA6200BC3BD7 /* ApplyButtonState.swift in Sources */ = {isa = PBXBuildFile; fileRef = AB3BD34C2AF6DA6200BC3BD7 /* ApplyButtonState.swift */; };
		AB3BD34F2AF6E10500BC3BD7 /* CollectionViewDelegateFlowLayout.swift in Sources */ = {isa = PBXBuildFile; fileRef = AB3BD34E2AF6E10500BC3BD7 /* CollectionViewDelegateFlowLayout.swift */; };
		AB3BD3552AF8D37800BC3BD7 /* SchedulerViewController.swift in Sources */ = {isa = PBXBuildFile; fileRef = AB3BD3542AF8D37800BC3BD7 /* SchedulerViewController.swift */; };
		AB3BD3582AF8D8E200BC3BD7 /* SchedulerCell.swift in Sources */ = {isa = PBXBuildFile; fileRef = AB3BD3572AF8D8E200BC3BD7 /* SchedulerCell.swift */; };
		AB3BD35A2AF8D9F200BC3BD7 /* SchedulerButtonsCell.swift in Sources */ = {isa = PBXBuildFile; fileRef = AB3BD3592AF8D9F200BC3BD7 /* SchedulerButtonsCell.swift */; };
		AB3BD35D2AF8DF0C00BC3BD7 /* SchedulerCellsDelegate.swift in Sources */ = {isa = PBXBuildFile; fileRef = AB3BD35C2AF8DF0C00BC3BD7 /* SchedulerCellsDelegate.swift */; };
		AB3BD35F2AF8E27200BC3BD7 /* SchedulerViewModel.swift in Sources */ = {isa = PBXBuildFile; fileRef = AB3BD35E2AF8E27200BC3BD7 /* SchedulerViewModel.swift */; };
		AB3BD3642AFC1E6F00BC3BD7 /* SchedulerCVDelegateFlowLayot.swift in Sources */ = {isa = PBXBuildFile; fileRef = AB3BD3632AFC1E6F00BC3BD7 /* SchedulerCVDelegateFlowLayot.swift */; };
		AB3BD3662AFCE09000BC3BD7 /* TitleSupplementaryView.swift in Sources */ = {isa = PBXBuildFile; fileRef = AB3BD3652AFCE09000BC3BD7 /* TitleSupplementaryView.swift */; };
		AB3BD36B2AFE3AA900BC3BD7 /* CategorySetterViewController.swift in Sources */ = {isa = PBXBuildFile; fileRef = AB3BD36A2AFE3AA900BC3BD7 /* CategorySetterViewController.swift */; };
		AB3BD36F2AFFA75A00BC3BD7 /* CategorySetterScreen.swift in Sources */ = {isa = PBXBuildFile; fileRef = AB3BD36E2AFFA75A00BC3BD7 /* CategorySetterScreen.swift */; };
		AB3BD3712B00E63700BC3BD7 /* CategorySetterViewModel.swift in Sources */ = {isa = PBXBuildFile; fileRef = AB3BD3702B00E63700BC3BD7 /* CategorySetterViewModel.swift */; };
		AB3BD3732B00F6A300BC3BD7 /* CategoryCell.swift in Sources */ = {isa = PBXBuildFile; fileRef = AB3BD3722B00F6A300BC3BD7 /* CategoryCell.swift */; };
		AB3BD3752B00FD5600BC3BD7 /* CategorySetterCellDelegate.swift in Sources */ = {isa = PBXBuildFile; fileRef = AB3BD3742B00FD5600BC3BD7 /* CategorySetterCellDelegate.swift */; };
		AB3BD3772B01032F00BC3BD7 /* CategorySetterCVDelegateFlowLayout.swift in Sources */ = {isa = PBXBuildFile; fileRef = AB3BD3762B01032F00BC3BD7 /* CategorySetterCVDelegateFlowLayout.swift */; };
		AB3BD37A2B01484000BC3BD7 /* CategoryCreatorViewController.swift in Sources */ = {isa = PBXBuildFile; fileRef = AB3BD3792B01484000BC3BD7 /* CategoryCreatorViewController.swift */; };
		AB3BD37C2B01492D00BC3BD7 /* CategoryCreatorViewModel.swift in Sources */ = {isa = PBXBuildFile; fileRef = AB3BD37B2B01492D00BC3BD7 /* CategoryCreatorViewModel.swift */; };
		AB3BD37E2B03779600BC3BD7 /* UserDefaults+Extensions.swift in Sources */ = {isa = PBXBuildFile; fileRef = AB3BD37D2B03779600BC3BD7 /* UserDefaults+Extensions.swift */; };
		AB3BD3802B05FE3900BC3BD7 /* TrackerRecord.swift in Sources */ = {isa = PBXBuildFile; fileRef = AB3BD37F2B05FE3900BC3BD7 /* TrackerRecord.swift */; };
		AB3BD3822B05FEA700BC3BD7 /* TrackersPack.swift in Sources */ = {isa = PBXBuildFile; fileRef = AB3BD3812B05FEA700BC3BD7 /* TrackersPack.swift */; };
		AB3BD3852B06006A00BC3BD7 /* TrackersRepository.swift in Sources */ = {isa = PBXBuildFile; fileRef = AB3BD3842B06006A00BC3BD7 /* TrackersRepository.swift */; };
		AB3BD38A2B060EBE00BC3BD7 /* TrackersPackRepository.swift in Sources */ = {isa = PBXBuildFile; fileRef = AB3BD3892B060EBE00BC3BD7 /* TrackersPackRepository.swift */; };
		AB3BD3912B0642CC00BC3BD7 /* TrackerScreenModel.swift in Sources */ = {isa = PBXBuildFile; fileRef = AB3BD3902B0642CC00BC3BD7 /* TrackerScreenModel.swift */; };
		AB3BD3932B06441100BC3BD7 /* TrackersPackScreenModel.swift in Sources */ = {isa = PBXBuildFile; fileRef = AB3BD3922B06441100BC3BD7 /* TrackersPackScreenModel.swift */; };
		AB3BD3952B06516100BC3BD7 /* TrackerRecordsRepository.swift in Sources */ = {isa = PBXBuildFile; fileRef = AB3BD3942B06516100BC3BD7 /* TrackerRecordsRepository.swift */; };
		AB3BD39B2B065E5800BC3BD7 /* TrackersDataProcessorProtocol.swift in Sources */ = {isa = PBXBuildFile; fileRef = AB3BD39A2B065E5800BC3BD7 /* TrackersDataProcessorProtocol.swift */; };
		AB3BD3A02B06645100BC3BD7 /* DataConverter.swift in Sources */ = {isa = PBXBuildFile; fileRef = AB3BD39F2B06645100BC3BD7 /* DataConverter.swift */; };
		AB3BD3A22B075D5D00BC3BD7 /* DateFormatterObj.swift in Sources */ = {isa = PBXBuildFile; fileRef = AB3BD3A12B075D5D00BC3BD7 /* DateFormatterObj.swift */; };
		AB3BD3A62B079D0700BC3BD7 /* TrackersCVDelegateFlowLayout.swift in Sources */ = {isa = PBXBuildFile; fileRef = AB3BD3A52B079D0700BC3BD7 /* TrackersCVDelegateFlowLayout.swift */; };
		AB3BD3A92B07AE1C00BC3BD7 /* TrackerCell.swift in Sources */ = {isa = PBXBuildFile; fileRef = AB3BD3A82B07AE1C00BC3BD7 /* TrackerCell.swift */; };
		AB3BD3AB2B07B40E00BC3BD7 /* TrackersCVCellDelegate.swift in Sources */ = {isa = PBXBuildFile; fileRef = AB3BD3AA2B07B40E00BC3BD7 /* TrackersCVCellDelegate.swift */; };
		AB54859C2AE3FBF5001ED0B1 /* TabBarController.swift in Sources */ = {isa = PBXBuildFile; fileRef = AB54859B2AE3FBF5001ED0B1 /* TabBarController.swift */; };
		AB54859F2AE40859001ED0B1 /* OnboardingViewController.swift in Sources */ = {isa = PBXBuildFile; fileRef = AB54859E2AE40859001ED0B1 /* OnboardingViewController.swift */; };
		AB5485A22AE41F2E001ED0B1 /* OndoardingState.swift in Sources */ = {isa = PBXBuildFile; fileRef = AB5485A12AE41F2E001ED0B1 /* OndoardingState.swift */; };
		AB5485A42AE4446A001ED0B1 /* UIView+Extensions.swift in Sources */ = {isa = PBXBuildFile; fileRef = AB5485A32AE4446A001ED0B1 /* UIView+Extensions.swift */; };
		AB5485A62AE45A86001ED0B1 /* Creator.swift in Sources */ = {isa = PBXBuildFile; fileRef = AB5485A52AE45A86001ED0B1 /* Creator.swift */; };
		AB5485A82AE45B1E001ED0B1 /* OnboardingViewModel.swift in Sources */ = {isa = PBXBuildFile; fileRef = AB5485A72AE45B1E001ED0B1 /* OnboardingViewModel.swift */; };
		AB5485AC2AE45BB4001ED0B1 /* OnboardingRepository.swift in Sources */ = {isa = PBXBuildFile; fileRef = AB5485AB2AE45BB4001ED0B1 /* OnboardingRepository.swift */; };
		AB5485AE2AE45C95001ED0B1 /* OnboardingRepositoryImplUserDefaults.swift in Sources */ = {isa = PBXBuildFile; fileRef = AB5485AD2AE45C95001ED0B1 /* OnboardingRepositoryImplUserDefaults.swift */; };
		AB5485B02AE45EE3001ED0B1 /* OnboardingViewModelProtocol.swift in Sources */ = {isa = PBXBuildFile; fileRef = AB5485AF2AE45EE3001ED0B1 /* OnboardingViewModelProtocol.swift */; };
		AB5485B32AE588AA001ED0B1 /* TrackersViewController.swift in Sources */ = {isa = PBXBuildFile; fileRef = AB5485B22AE588AA001ED0B1 /* TrackersViewController.swift */; };
		AB5485B62AE5B1DD001ED0B1 /* ObservableData.swift in Sources */ = {isa = PBXBuildFile; fileRef = AB5485B52AE5B1DD001ED0B1 /* ObservableData.swift */; };
		AB5485B82AE83D1F001ED0B1 /* BottomSheet.swift in Sources */ = {isa = PBXBuildFile; fileRef = AB5485B72AE83D1F001ED0B1 /* BottomSheet.swift */; };
		AB5485BC2AE86968001ED0B1 /* ViewVisibilityProtocol.swift in Sources */ = {isa = PBXBuildFile; fileRef = AB5485BB2AE86968001ED0B1 /* ViewVisibilityProtocol.swift */; };
		AB5485C02AED01F9001ED0B1 /* Placeholder.swift in Sources */ = {isa = PBXBuildFile; fileRef = AB5485BF2AED01F9001ED0B1 /* Placeholder.swift */; };
		AB5485C32AED0DEA001ED0B1 /* StatisticViewController.swift in Sources */ = {isa = PBXBuildFile; fileRef = AB5485C22AED0DEA001ED0B1 /* StatisticViewController.swift */; };
		AB5485C72AED1440001ED0B1 /* Main.storyboard in Resources */ = {isa = PBXBuildFile; fileRef = AB5485C62AED1440001ED0B1 /* Main.storyboard */; };
		AB5DCA7D2B3B3EC400D55AE8 /* Localizable.strings in Resources */ = {isa = PBXBuildFile; fileRef = AB5DCA7F2B3B3EC400D55AE8 /* Localizable.strings */; };
		ABAC5BDD2B3B6B4200C42770 /* Localizable.stringsdict in Resources */ = {isa = PBXBuildFile; fileRef = ABAC5BDF2B3B6B4200C42770 /* Localizable.stringsdict */; };
		ABAC5BE22B3DE15400C42770 /* YandexMetricaApiKey.swift in Sources */ = {isa = PBXBuildFile; fileRef = ABAC5BE12B3DE15400C42770 /* YandexMetricaApiKey.swift */; };
		ABAC5BE42B3DE7E600C42770 /* AnalyticsService.swift in Sources */ = {isa = PBXBuildFile; fileRef = ABAC5BE32B3DE7E600C42770 /* AnalyticsService.swift */; };
		ABAC5BE82B3EDF3900C42770 /* StatisticCell.swift in Sources */ = {isa = PBXBuildFile; fileRef = ABAC5BE72B3EDF3800C42770 /* StatisticCell.swift */; };
		ABAC5BEA2B3EE74B00C42770 /* StatisticViewModel.swift in Sources */ = {isa = PBXBuildFile; fileRef = ABAC5BE92B3EE74B00C42770 /* StatisticViewModel.swift */; };
		ABAC5BF12B40A79200C42770 /* StatisticRepository.swift in Sources */ = {isa = PBXBuildFile; fileRef = ABAC5BF02B40A79200C42770 /* StatisticRepository.swift */; };
		ABAC5BF32B40A82C00C42770 /* StatisticRepositoryImplUserDef.swift in Sources */ = {isa = PBXBuildFile; fileRef = ABAC5BF22B40A82C00C42770 /* StatisticRepositoryImplUserDef.swift */; };
		ABAC5BF72B40B21B00C42770 /* StatisticServiceProtocol.swift in Sources */ = {isa = PBXBuildFile; fileRef = ABAC5BF62B40B21B00C42770 /* StatisticServiceProtocol.swift */; };
		ABAC5BF92B40B44A00C42770 /* StatisticServiceImpl.swift in Sources */ = {isa = PBXBuildFile; fileRef = ABAC5BF82B40B44A00C42770 /* StatisticServiceImpl.swift */; };
		ABAC5BFC2B40C2E100C42770 /* StatisticScreenModel.swift in Sources */ = {isa = PBXBuildFile; fileRef = ABAC5BFB2B40C2E100C42770 /* StatisticScreenModel.swift */; };
		ABAC5C162B445C7D00C42770 /* InlineSnapshotTesting in Frameworks */ = {isa = PBXBuildFile; productRef = ABAC5C152B445C7D00C42770 /* InlineSnapshotTesting */; };
		ABAC5C182B445C7D00C42770 /* SnapshotTesting in Frameworks */ = {isa = PBXBuildFile; productRef = ABAC5C172B445C7D00C42770 /* SnapshotTesting */; };
		ABAC5C202B445CB100C42770 /* TrackerTests.swift in Sources */ = {isa = PBXBuildFile; fileRef = ABAC5C1F2B445CB100C42770 /* TrackerTests.swift */; };
		ABBF3C062ADDCEA7005AAD3F /* AppDelegate.swift in Sources */ = {isa = PBXBuildFile; fileRef = ABBF3C052ADDCEA7005AAD3F /* AppDelegate.swift */; };
		ABBF3C082ADDCEA7005AAD3F /* SceneDelegate.swift in Sources */ = {isa = PBXBuildFile; fileRef = ABBF3C072ADDCEA7005AAD3F /* SceneDelegate.swift */; };
		ABBF3C0F2ADDCEA8005AAD3F /* Assets.xcassets in Resources */ = {isa = PBXBuildFile; fileRef = ABBF3C0E2ADDCEA8005AAD3F /* Assets.xcassets */; };
		ABBF3C122ADDCEA8005AAD3F /* LaunchScreen.storyboard in Resources */ = {isa = PBXBuildFile; fileRef = ABBF3C102ADDCEA8005AAD3F /* LaunchScreen.storyboard */; };
		ABBF3C1E2ADE9C13005AAD3F /* TrackerColor.swift in Sources */ = {isa = PBXBuildFile; fileRef = ABBF3C1D2ADE9C13005AAD3F /* TrackerColor.swift */; };
		ABBF3C222AE1853A005AAD3F /* UIColor+Extensions.swift in Sources */ = {isa = PBXBuildFile; fileRef = ABBF3C212AE1853A005AAD3F /* UIColor+Extensions.swift */; };
		ABBF3C262AE18A92005AAD3F /* Fonts.swift in Sources */ = {isa = PBXBuildFile; fileRef = ABBF3C252AE18A92005AAD3F /* Fonts.swift */; };
		ABC367892B152F56002164EB /* String+Extensions.swift in Sources */ = {isa = PBXBuildFile; fileRef = ABC367882B152F56002164EB /* String+Extensions.swift */; };
		ABC3678D2B19E0D4002164EB /* Library.xcdatamodeld in Sources */ = {isa = PBXBuildFile; fileRef = ABC3678B2B19E0D4002164EB /* Library.xcdatamodeld */; };
		ABC3679A2B19FBB9002164EB /* TrackersRepositoryImplCoreData.swift in Sources */ = {isa = PBXBuildFile; fileRef = ABC367992B19FBB9002164EB /* TrackersRepositoryImplCoreData.swift */; };
		ABC3679E2B1A1B39002164EB /* CoreDataMarshalling.swift in Sources */ = {isa = PBXBuildFile; fileRef = ABC3679D2B1A1B39002164EB /* CoreDataMarshalling.swift */; };
		ABC367A02B1CDB7F002164EB /* TrackerCategoryRepositoryImplCoreData.swift in Sources */ = {isa = PBXBuildFile; fileRef = ABC3679F2B1CDB7F002164EB /* TrackerCategoryRepositoryImplCoreData.swift */; };
		ABC367A22B1CE9AF002164EB /* TrackersPackRepositoryImplCoreData.swift in Sources */ = {isa = PBXBuildFile; fileRef = ABC367A12B1CE9AF002164EB /* TrackersPackRepositoryImplCoreData.swift */; };
		ABC4D65C2B0BF7C0002F341D /* FilterCell.swift in Sources */ = {isa = PBXBuildFile; fileRef = ABC4D65B2B0BF7C0002F341D /* FilterCell.swift */; };
		ABC4D65F2B0BF908002F341D /* FilterState.swift in Sources */ = {isa = PBXBuildFile; fileRef = ABC4D65E2B0BF908002F341D /* FilterState.swift */; };
		ABC4D6612B0BFBFE002F341D /* FilterCellDelegate.swift in Sources */ = {isa = PBXBuildFile; fileRef = ABC4D6602B0BFBFE002F341D /* FilterCellDelegate.swift */; };
		ABC4D6632B0BFE34002F341D /* FilterCVDataSource.swift in Sources */ = {isa = PBXBuildFile; fileRef = ABC4D6622B0BFE34002F341D /* FilterCVDataSource.swift */; };
		ABC4D6652B0D09C4002F341D /* FilterCVFlowLayout.swift in Sources */ = {isa = PBXBuildFile; fileRef = ABC4D6642B0D09C4002F341D /* FilterCVFlowLayout.swift */; };
		ABC4D6672B0D2407002F341D /* TrackersVCLayout.swift in Sources */ = {isa = PBXBuildFile; fileRef = ABC4D6662B0D2407002F341D /* TrackersVCLayout.swift */; };
		ABC4D6692B0E8F27002F341D /* TrackersDataProcessorImpl.swift in Sources */ = {isa = PBXBuildFile; fileRef = ABC4D6682B0E8F27002F341D /* TrackersDataProcessorImpl.swift */; };
		ABC4D66B2B0E9EA0002F341D /* TrackersViewModel.swift in Sources */ = {isa = PBXBuildFile; fileRef = ABC4D66A2B0E9EA0002F341D /* TrackersViewModel.swift */; };
		ABC4D66D2B0FABC1002F341D /* CategoryCreatorVCLayout.swift in Sources */ = {isa = PBXBuildFile; fileRef = ABC4D66C2B0FABC1002F341D /* CategoryCreatorVCLayout.swift */; };
		ABC4D66F2B0FAE1A002F341D /* CategorySetterVCLayout.swift in Sources */ = {isa = PBXBuildFile; fileRef = ABC4D66E2B0FAE1A002F341D /* CategorySetterVCLayout.swift */; };
		ABC4D6712B0FAFFC002F341D /* ShedulerVCLayout.swift in Sources */ = {isa = PBXBuildFile; fileRef = ABC4D6702B0FAFFC002F341D /* ShedulerVCLayout.swift */; };
		ABC4D6732B0FB223002F341D /* TrackerCreatorVCLayout.swift in Sources */ = {isa = PBXBuildFile; fileRef = ABC4D6722B0FB223002F341D /* TrackerCreatorVCLayout.swift */; };
		ABC4D6752B12936F002F341D /* AlertPresenterProtocol.swift in Sources */ = {isa = PBXBuildFile; fileRef = ABC4D6742B12936F002F341D /* AlertPresenterProtocol.swift */; };
		ABC4D6772B12954D002F341D /* AlertController.swift in Sources */ = {isa = PBXBuildFile; fileRef = ABC4D6762B12954D002F341D /* AlertController.swift */; };
		ABC4D6792B129950002F341D /* ContextMenuConfigurator.swift in Sources */ = {isa = PBXBuildFile; fileRef = ABC4D6782B129950002F341D /* ContextMenuConfigurator.swift */; };
		DE33793E8D8DD381EA4BC1D2 /* Pods_Tracker.framework in Frameworks */ = {isa = PBXBuildFile; fileRef = D212262307AB88CCFE061D2B /* Pods_Tracker.framework */; };
/* End PBXBuildFile section */

/* Begin PBXContainerItemProxy section */
		ABAC5C212B445CB100C42770 /* PBXContainerItemProxy */ = {
			isa = PBXContainerItemProxy;
			containerPortal = ABBF3BFA2ADDCEA7005AAD3F /* Project object */;
			proxyType = 1;
			remoteGlobalIDString = ABBF3C012ADDCEA7005AAD3F;
			remoteInfo = Tracker;
		};
/* End PBXContainerItemProxy section */

/* Begin PBXFileReference section */
		AB1CBEB22B1F288C001C3300 /* TrackerRecordsRepositoryImplCoreData.swift */ = {isa = PBXFileReference; lastKnownFileType = sourcecode.swift; path = TrackerRecordsRepositoryImplCoreData.swift; sourceTree = "<group>"; };
		AB1CBEB52B222A7F001C3300 /* CategoryDataProvider.swift */ = {isa = PBXFileReference; lastKnownFileType = sourcecode.swift; path = CategoryDataProvider.swift; sourceTree = "<group>"; };
		AB1CBEB72B223963001C3300 /* CategoryDataProviderDelegate.swift */ = {isa = PBXFileReference; lastKnownFileType = sourcecode.swift; path = CategoryDataProviderDelegate.swift; sourceTree = "<group>"; };
		AB1CBEB92B223B2D001C3300 /* CategoryDataProviderProtocol.swift */ = {isa = PBXFileReference; lastKnownFileType = sourcecode.swift; path = CategoryDataProviderProtocol.swift; sourceTree = "<group>"; };
		AB39A4702B2C5EE7007F6534 /* OnboardingPageViewController.swift */ = {isa = PBXFileReference; lastKnownFileType = sourcecode.swift; path = OnboardingPageViewController.swift; sourceTree = "<group>"; };
		AB39A4722B30D52B007F6534 /* PinnedTrackersRepository.swift */ = {isa = PBXFileReference; lastKnownFileType = sourcecode.swift; path = PinnedTrackersRepository.swift; sourceTree = "<group>"; };
		AB39A4742B30D629007F6534 /* PinnedTrackersRepositoryImplUserDef.swift */ = {isa = PBXFileReference; lastKnownFileType = sourcecode.swift; path = PinnedTrackersRepositoryImplUserDef.swift; sourceTree = "<group>"; };
		AB39A47B2B360598007F6534 /* TrackersPlaceholderState.swift */ = {isa = PBXFileReference; lastKnownFileType = sourcecode.swift; path = TrackersPlaceholderState.swift; sourceTree = "<group>"; };
		AB39A47D2B38AD45007F6534 /* TrackersPackData.swift */ = {isa = PBXFileReference; lastKnownFileType = sourcecode.swift; path = TrackersPackData.swift; sourceTree = "<group>"; };
		AB3BD3122AED18C900BC3BD7 /* TrackerType.swift */ = {isa = PBXFileReference; lastKnownFileType = sourcecode.swift; path = TrackerType.swift; sourceTree = "<group>"; };
		AB3BD31B2AED8CA100BC3BD7 /* EmojiCell.swift */ = {isa = PBXFileReference; lastKnownFileType = sourcecode.swift; path = EmojiCell.swift; sourceTree = "<group>"; };
		AB3BD3222AED91A300BC3BD7 /* TrackerCreatorViewController.swift */ = {isa = PBXFileReference; lastKnownFileType = sourcecode.swift; path = TrackerCreatorViewController.swift; sourceTree = "<group>"; };
		AB3BD3242AED970500BC3BD7 /* WeekDays.swift */ = {isa = PBXFileReference; lastKnownFileType = sourcecode.swift; path = WeekDays.swift; sourceTree = "<group>"; };
		AB3BD3262AED9A6700BC3BD7 /* TrackerEmoji.swift */ = {isa = PBXFileReference; lastKnownFileType = sourcecode.swift; path = TrackerEmoji.swift; sourceTree = "<group>"; };
		AB3BD3292AED9AE800BC3BD7 /* TrackerModel.swift */ = {isa = PBXFileReference; lastKnownFileType = sourcecode.swift; path = TrackerModel.swift; sourceTree = "<group>"; };
		AB3BD32C2AED9DB000BC3BD7 /* TrackerCategoryRepository.swift */ = {isa = PBXFileReference; lastKnownFileType = sourcecode.swift; path = TrackerCategoryRepository.swift; sourceTree = "<group>"; };
		AB3BD3302AEE8E4F00BC3BD7 /* SectionTitleHeaderView.swift */ = {isa = PBXFileReference; lastKnownFileType = sourcecode.swift; path = SectionTitleHeaderView.swift; sourceTree = "<group>"; };
		AB3BD3322AEEA4F000BC3BD7 /* ColorsCell.swift */ = {isa = PBXFileReference; lastKnownFileType = sourcecode.swift; path = ColorsCell.swift; sourceTree = "<group>"; };
		AB3BD3342AEEBAF800BC3BD7 /* ButtonsCell.swift */ = {isa = PBXFileReference; lastKnownFileType = sourcecode.swift; path = ButtonsCell.swift; sourceTree = "<group>"; };
		AB3BD33A2AEFB8A600BC3BD7 /* TrackerCreatorTitleCell.swift */ = {isa = PBXFileReference; lastKnownFileType = sourcecode.swift; path = TrackerCreatorTitleCell.swift; sourceTree = "<group>"; };
		AB3BD33C2AF2A2BC00BC3BD7 /* SettingsMenuCell.swift */ = {isa = PBXFileReference; lastKnownFileType = sourcecode.swift; path = SettingsMenuCell.swift; sourceTree = "<group>"; };
		AB3BD33E2AF2B39300BC3BD7 /* TrackerCreatorSettingsCell.swift */ = {isa = PBXFileReference; lastKnownFileType = sourcecode.swift; path = TrackerCreatorSettingsCell.swift; sourceTree = "<group>"; };
		AB3BD3412AF2B52600BC3BD7 /* SettingsMenuCellType.swift */ = {isa = PBXFileReference; lastKnownFileType = sourcecode.swift; path = SettingsMenuCellType.swift; sourceTree = "<group>"; };
		AB3BD3442AF3C74500BC3BD7 /* TrackerCreatorViewModel.swift */ = {isa = PBXFileReference; lastKnownFileType = sourcecode.swift; path = TrackerCreatorViewModel.swift; sourceTree = "<group>"; };
		AB3BD3462AF3CC8E00BC3BD7 /* TrackerCategory.swift */ = {isa = PBXFileReference; lastKnownFileType = sourcecode.swift; path = TrackerCategory.swift; sourceTree = "<group>"; };
		AB3BD3492AF6BAC000BC3BD7 /* TrackerCreatorCVCellDelegate.swift */ = {isa = PBXFileReference; lastKnownFileType = sourcecode.swift; path = TrackerCreatorCVCellDelegate.swift; sourceTree = "<group>"; };
		AB3BD34C2AF6DA6200BC3BD7 /* ApplyButtonState.swift */ = {isa = PBXFileReference; lastKnownFileType = sourcecode.swift; path = ApplyButtonState.swift; sourceTree = "<group>"; };
		AB3BD34E2AF6E10500BC3BD7 /* CollectionViewDelegateFlowLayout.swift */ = {isa = PBXFileReference; lastKnownFileType = sourcecode.swift; path = CollectionViewDelegateFlowLayout.swift; sourceTree = "<group>"; };
		AB3BD3542AF8D37800BC3BD7 /* SchedulerViewController.swift */ = {isa = PBXFileReference; lastKnownFileType = sourcecode.swift; path = SchedulerViewController.swift; sourceTree = "<group>"; };
		AB3BD3572AF8D8E200BC3BD7 /* SchedulerCell.swift */ = {isa = PBXFileReference; lastKnownFileType = sourcecode.swift; path = SchedulerCell.swift; sourceTree = "<group>"; };
		AB3BD3592AF8D9F200BC3BD7 /* SchedulerButtonsCell.swift */ = {isa = PBXFileReference; lastKnownFileType = sourcecode.swift; path = SchedulerButtonsCell.swift; sourceTree = "<group>"; };
		AB3BD35C2AF8DF0C00BC3BD7 /* SchedulerCellsDelegate.swift */ = {isa = PBXFileReference; lastKnownFileType = sourcecode.swift; path = SchedulerCellsDelegate.swift; sourceTree = "<group>"; };
		AB3BD35E2AF8E27200BC3BD7 /* SchedulerViewModel.swift */ = {isa = PBXFileReference; lastKnownFileType = sourcecode.swift; path = SchedulerViewModel.swift; sourceTree = "<group>"; };
		AB3BD3632AFC1E6F00BC3BD7 /* SchedulerCVDelegateFlowLayot.swift */ = {isa = PBXFileReference; lastKnownFileType = sourcecode.swift; path = SchedulerCVDelegateFlowLayot.swift; sourceTree = "<group>"; };
		AB3BD3652AFCE09000BC3BD7 /* TitleSupplementaryView.swift */ = {isa = PBXFileReference; lastKnownFileType = sourcecode.swift; path = TitleSupplementaryView.swift; sourceTree = "<group>"; };
		AB3BD36A2AFE3AA900BC3BD7 /* CategorySetterViewController.swift */ = {isa = PBXFileReference; lastKnownFileType = sourcecode.swift; path = CategorySetterViewController.swift; sourceTree = "<group>"; };
		AB3BD36E2AFFA75A00BC3BD7 /* CategorySetterScreen.swift */ = {isa = PBXFileReference; lastKnownFileType = sourcecode.swift; path = CategorySetterScreen.swift; sourceTree = "<group>"; };
		AB3BD3702B00E63700BC3BD7 /* CategorySetterViewModel.swift */ = {isa = PBXFileReference; lastKnownFileType = sourcecode.swift; path = CategorySetterViewModel.swift; sourceTree = "<group>"; };
		AB3BD3722B00F6A300BC3BD7 /* CategoryCell.swift */ = {isa = PBXFileReference; lastKnownFileType = sourcecode.swift; path = CategoryCell.swift; sourceTree = "<group>"; };
		AB3BD3742B00FD5600BC3BD7 /* CategorySetterCellDelegate.swift */ = {isa = PBXFileReference; lastKnownFileType = sourcecode.swift; path = CategorySetterCellDelegate.swift; sourceTree = "<group>"; };
		AB3BD3762B01032F00BC3BD7 /* CategorySetterCVDelegateFlowLayout.swift */ = {isa = PBXFileReference; lastKnownFileType = sourcecode.swift; path = CategorySetterCVDelegateFlowLayout.swift; sourceTree = "<group>"; };
		AB3BD3792B01484000BC3BD7 /* CategoryCreatorViewController.swift */ = {isa = PBXFileReference; lastKnownFileType = sourcecode.swift; path = CategoryCreatorViewController.swift; sourceTree = "<group>"; };
		AB3BD37B2B01492D00BC3BD7 /* CategoryCreatorViewModel.swift */ = {isa = PBXFileReference; lastKnownFileType = sourcecode.swift; path = CategoryCreatorViewModel.swift; sourceTree = "<group>"; };
		AB3BD37D2B03779600BC3BD7 /* UserDefaults+Extensions.swift */ = {isa = PBXFileReference; lastKnownFileType = sourcecode.swift; path = "UserDefaults+Extensions.swift"; sourceTree = "<group>"; };
		AB3BD37F2B05FE3900BC3BD7 /* TrackerRecord.swift */ = {isa = PBXFileReference; lastKnownFileType = sourcecode.swift; path = TrackerRecord.swift; sourceTree = "<group>"; };
		AB3BD3812B05FEA700BC3BD7 /* TrackersPack.swift */ = {isa = PBXFileReference; lastKnownFileType = sourcecode.swift; path = TrackersPack.swift; sourceTree = "<group>"; };
		AB3BD3842B06006A00BC3BD7 /* TrackersRepository.swift */ = {isa = PBXFileReference; lastKnownFileType = sourcecode.swift; path = TrackersRepository.swift; sourceTree = "<group>"; };
		AB3BD3892B060EBE00BC3BD7 /* TrackersPackRepository.swift */ = {isa = PBXFileReference; lastKnownFileType = sourcecode.swift; path = TrackersPackRepository.swift; sourceTree = "<group>"; };
		AB3BD3902B0642CC00BC3BD7 /* TrackerScreenModel.swift */ = {isa = PBXFileReference; lastKnownFileType = sourcecode.swift; path = TrackerScreenModel.swift; sourceTree = "<group>"; };
		AB3BD3922B06441100BC3BD7 /* TrackersPackScreenModel.swift */ = {isa = PBXFileReference; lastKnownFileType = sourcecode.swift; path = TrackersPackScreenModel.swift; sourceTree = "<group>"; };
		AB3BD3942B06516100BC3BD7 /* TrackerRecordsRepository.swift */ = {isa = PBXFileReference; lastKnownFileType = sourcecode.swift; path = TrackerRecordsRepository.swift; sourceTree = "<group>"; };
		AB3BD39A2B065E5800BC3BD7 /* TrackersDataProcessorProtocol.swift */ = {isa = PBXFileReference; lastKnownFileType = sourcecode.swift; path = TrackersDataProcessorProtocol.swift; sourceTree = "<group>"; };
		AB3BD39F2B06645100BC3BD7 /* DataConverter.swift */ = {isa = PBXFileReference; lastKnownFileType = sourcecode.swift; path = DataConverter.swift; sourceTree = "<group>"; };
		AB3BD3A12B075D5D00BC3BD7 /* DateFormatterObj.swift */ = {isa = PBXFileReference; lastKnownFileType = sourcecode.swift; path = DateFormatterObj.swift; sourceTree = "<group>"; };
		AB3BD3A52B079D0700BC3BD7 /* TrackersCVDelegateFlowLayout.swift */ = {isa = PBXFileReference; lastKnownFileType = sourcecode.swift; path = TrackersCVDelegateFlowLayout.swift; sourceTree = "<group>"; };
		AB3BD3A82B07AE1C00BC3BD7 /* TrackerCell.swift */ = {isa = PBXFileReference; lastKnownFileType = sourcecode.swift; path = TrackerCell.swift; sourceTree = "<group>"; };
		AB3BD3AA2B07B40E00BC3BD7 /* TrackersCVCellDelegate.swift */ = {isa = PBXFileReference; lastKnownFileType = sourcecode.swift; path = TrackersCVCellDelegate.swift; sourceTree = "<group>"; };
		AB54859B2AE3FBF5001ED0B1 /* TabBarController.swift */ = {isa = PBXFileReference; lastKnownFileType = sourcecode.swift; path = TabBarController.swift; sourceTree = "<group>"; };
		AB54859E2AE40859001ED0B1 /* OnboardingViewController.swift */ = {isa = PBXFileReference; lastKnownFileType = sourcecode.swift; path = OnboardingViewController.swift; sourceTree = "<group>"; };
		AB5485A12AE41F2E001ED0B1 /* OndoardingState.swift */ = {isa = PBXFileReference; lastKnownFileType = sourcecode.swift; path = OndoardingState.swift; sourceTree = "<group>"; };
		AB5485A32AE4446A001ED0B1 /* UIView+Extensions.swift */ = {isa = PBXFileReference; lastKnownFileType = sourcecode.swift; path = "UIView+Extensions.swift"; sourceTree = "<group>"; };
		AB5485A52AE45A86001ED0B1 /* Creator.swift */ = {isa = PBXFileReference; lastKnownFileType = sourcecode.swift; path = Creator.swift; sourceTree = "<group>"; };
		AB5485A72AE45B1E001ED0B1 /* OnboardingViewModel.swift */ = {isa = PBXFileReference; lastKnownFileType = sourcecode.swift; path = OnboardingViewModel.swift; sourceTree = "<group>"; };
		AB5485AB2AE45BB4001ED0B1 /* OnboardingRepository.swift */ = {isa = PBXFileReference; lastKnownFileType = sourcecode.swift; path = OnboardingRepository.swift; sourceTree = "<group>"; };
		AB5485AD2AE45C95001ED0B1 /* OnboardingRepositoryImplUserDefaults.swift */ = {isa = PBXFileReference; lastKnownFileType = sourcecode.swift; path = OnboardingRepositoryImplUserDefaults.swift; sourceTree = "<group>"; };
		AB5485AF2AE45EE3001ED0B1 /* OnboardingViewModelProtocol.swift */ = {isa = PBXFileReference; lastKnownFileType = sourcecode.swift; path = OnboardingViewModelProtocol.swift; sourceTree = "<group>"; };
		AB5485B22AE588AA001ED0B1 /* TrackersViewController.swift */ = {isa = PBXFileReference; lastKnownFileType = sourcecode.swift; path = TrackersViewController.swift; sourceTree = "<group>"; };
		AB5485B52AE5B1DD001ED0B1 /* ObservableData.swift */ = {isa = PBXFileReference; lastKnownFileType = sourcecode.swift; path = ObservableData.swift; sourceTree = "<group>"; };
		AB5485B72AE83D1F001ED0B1 /* BottomSheet.swift */ = {isa = PBXFileReference; lastKnownFileType = sourcecode.swift; path = BottomSheet.swift; sourceTree = "<group>"; };
		AB5485BB2AE86968001ED0B1 /* ViewVisibilityProtocol.swift */ = {isa = PBXFileReference; lastKnownFileType = sourcecode.swift; path = ViewVisibilityProtocol.swift; sourceTree = "<group>"; };
		AB5485BF2AED01F9001ED0B1 /* Placeholder.swift */ = {isa = PBXFileReference; lastKnownFileType = sourcecode.swift; path = Placeholder.swift; sourceTree = "<group>"; };
		AB5485C22AED0DEA001ED0B1 /* StatisticViewController.swift */ = {isa = PBXFileReference; lastKnownFileType = sourcecode.swift; path = StatisticViewController.swift; sourceTree = "<group>"; };
		AB5485C62AED1440001ED0B1 /* Main.storyboard */ = {isa = PBXFileReference; fileEncoding = 4; lastKnownFileType = file.storyboard; path = Main.storyboard; sourceTree = "<group>"; };
		AB5DCA7E2B3B3EC400D55AE8 /* en */ = {isa = PBXFileReference; lastKnownFileType = text.plist.strings; name = en; path = en.lproj/Localizable.strings; sourceTree = "<group>"; };
		ABAC5BDA2B3B459B00C42770 /* ru */ = {isa = PBXFileReference; lastKnownFileType = text.plist.strings; name = ru; path = ru.lproj/Localizable.strings; sourceTree = "<group>"; };
		ABAC5BDE2B3B6B4200C42770 /* ru */ = {isa = PBXFileReference; lastKnownFileType = text.plist.stringsdict; name = ru; path = ru.lproj/Localizable.stringsdict; sourceTree = "<group>"; };
		ABAC5BE02B3B924300C42770 /* en */ = {isa = PBXFileReference; lastKnownFileType = text.plist.stringsdict; name = en; path = en.lproj/Localizable.stringsdict; sourceTree = "<group>"; };
		ABAC5BE12B3DE15400C42770 /* YandexMetricaApiKey.swift */ = {isa = PBXFileReference; lastKnownFileType = sourcecode.swift; path = YandexMetricaApiKey.swift; sourceTree = "<group>"; };
		ABAC5BE32B3DE7E600C42770 /* AnalyticsService.swift */ = {isa = PBXFileReference; lastKnownFileType = sourcecode.swift; path = AnalyticsService.swift; sourceTree = "<group>"; };
		ABAC5BE72B3EDF3800C42770 /* StatisticCell.swift */ = {isa = PBXFileReference; lastKnownFileType = sourcecode.swift; path = StatisticCell.swift; sourceTree = "<group>"; };
		ABAC5BE92B3EE74B00C42770 /* StatisticViewModel.swift */ = {isa = PBXFileReference; lastKnownFileType = sourcecode.swift; path = StatisticViewModel.swift; sourceTree = "<group>"; };
		ABAC5BF02B40A79200C42770 /* StatisticRepository.swift */ = {isa = PBXFileReference; lastKnownFileType = sourcecode.swift; path = StatisticRepository.swift; sourceTree = "<group>"; };
		ABAC5BF22B40A82C00C42770 /* StatisticRepositoryImplUserDef.swift */ = {isa = PBXFileReference; lastKnownFileType = sourcecode.swift; path = StatisticRepositoryImplUserDef.swift; sourceTree = "<group>"; };
		ABAC5BF62B40B21B00C42770 /* StatisticServiceProtocol.swift */ = {isa = PBXFileReference; lastKnownFileType = sourcecode.swift; path = StatisticServiceProtocol.swift; sourceTree = "<group>"; };
		ABAC5BF82B40B44A00C42770 /* StatisticServiceImpl.swift */ = {isa = PBXFileReference; lastKnownFileType = sourcecode.swift; path = StatisticServiceImpl.swift; sourceTree = "<group>"; };
		ABAC5BFB2B40C2E100C42770 /* StatisticScreenModel.swift */ = {isa = PBXFileReference; lastKnownFileType = sourcecode.swift; path = StatisticScreenModel.swift; sourceTree = "<group>"; };
		ABAC5C1D2B445CB100C42770 /* TrackerTests.xctest */ = {isa = PBXFileReference; explicitFileType = wrapper.cfbundle; includeInIndex = 0; path = TrackerTests.xctest; sourceTree = BUILT_PRODUCTS_DIR; };
		ABAC5C1F2B445CB100C42770 /* TrackerTests.swift */ = {isa = PBXFileReference; lastKnownFileType = sourcecode.swift; path = TrackerTests.swift; sourceTree = "<group>"; };
		ABBF3C022ADDCEA7005AAD3F /* Tracker.app */ = {isa = PBXFileReference; explicitFileType = wrapper.application; includeInIndex = 0; path = Tracker.app; sourceTree = BUILT_PRODUCTS_DIR; };
		ABBF3C052ADDCEA7005AAD3F /* AppDelegate.swift */ = {isa = PBXFileReference; lastKnownFileType = sourcecode.swift; path = AppDelegate.swift; sourceTree = "<group>"; };
		ABBF3C072ADDCEA7005AAD3F /* SceneDelegate.swift */ = {isa = PBXFileReference; lastKnownFileType = sourcecode.swift; path = SceneDelegate.swift; sourceTree = "<group>"; };
		ABBF3C0E2ADDCEA8005AAD3F /* Assets.xcassets */ = {isa = PBXFileReference; lastKnownFileType = folder.assetcatalog; path = Assets.xcassets; sourceTree = "<group>"; };
		ABBF3C112ADDCEA8005AAD3F /* Base */ = {isa = PBXFileReference; lastKnownFileType = file.storyboard; name = Base; path = Base.lproj/LaunchScreen.storyboard; sourceTree = "<group>"; };
		ABBF3C132ADDCEA8005AAD3F /* Info.plist */ = {isa = PBXFileReference; lastKnownFileType = text.plist.xml; path = Info.plist; sourceTree = "<group>"; };
		ABBF3C1D2ADE9C13005AAD3F /* TrackerColor.swift */ = {isa = PBXFileReference; lastKnownFileType = sourcecode.swift; path = TrackerColor.swift; sourceTree = "<group>"; };
		ABBF3C212AE1853A005AAD3F /* UIColor+Extensions.swift */ = {isa = PBXFileReference; lastKnownFileType = sourcecode.swift; path = "UIColor+Extensions.swift"; sourceTree = "<group>"; };
		ABBF3C252AE18A92005AAD3F /* Fonts.swift */ = {isa = PBXFileReference; lastKnownFileType = sourcecode.swift; path = Fonts.swift; sourceTree = "<group>"; };
		ABC367882B152F56002164EB /* String+Extensions.swift */ = {isa = PBXFileReference; lastKnownFileType = sourcecode.swift; path = "String+Extensions.swift"; sourceTree = "<group>"; };
		ABC3678C2B19E0D4002164EB /* Library.xcdatamodel */ = {isa = PBXFileReference; lastKnownFileType = wrapper.xcdatamodel; path = Library.xcdatamodel; sourceTree = "<group>"; };
		ABC367992B19FBB9002164EB /* TrackersRepositoryImplCoreData.swift */ = {isa = PBXFileReference; lastKnownFileType = sourcecode.swift; path = TrackersRepositoryImplCoreData.swift; sourceTree = "<group>"; };
		ABC3679D2B1A1B39002164EB /* CoreDataMarshalling.swift */ = {isa = PBXFileReference; lastKnownFileType = sourcecode.swift; path = CoreDataMarshalling.swift; sourceTree = "<group>"; };
		ABC3679F2B1CDB7F002164EB /* TrackerCategoryRepositoryImplCoreData.swift */ = {isa = PBXFileReference; lastKnownFileType = sourcecode.swift; path = TrackerCategoryRepositoryImplCoreData.swift; sourceTree = "<group>"; };
		ABC367A12B1CE9AF002164EB /* TrackersPackRepositoryImplCoreData.swift */ = {isa = PBXFileReference; lastKnownFileType = sourcecode.swift; path = TrackersPackRepositoryImplCoreData.swift; sourceTree = "<group>"; };
		ABC4D65B2B0BF7C0002F341D /* FilterCell.swift */ = {isa = PBXFileReference; lastKnownFileType = sourcecode.swift; path = FilterCell.swift; sourceTree = "<group>"; };
		ABC4D65E2B0BF908002F341D /* FilterState.swift */ = {isa = PBXFileReference; lastKnownFileType = sourcecode.swift; path = FilterState.swift; sourceTree = "<group>"; };
		ABC4D6602B0BFBFE002F341D /* FilterCellDelegate.swift */ = {isa = PBXFileReference; lastKnownFileType = sourcecode.swift; path = FilterCellDelegate.swift; sourceTree = "<group>"; };
		ABC4D6622B0BFE34002F341D /* FilterCVDataSource.swift */ = {isa = PBXFileReference; lastKnownFileType = sourcecode.swift; path = FilterCVDataSource.swift; sourceTree = "<group>"; };
		ABC4D6642B0D09C4002F341D /* FilterCVFlowLayout.swift */ = {isa = PBXFileReference; lastKnownFileType = sourcecode.swift; path = FilterCVFlowLayout.swift; sourceTree = "<group>"; };
		ABC4D6662B0D2407002F341D /* TrackersVCLayout.swift */ = {isa = PBXFileReference; lastKnownFileType = sourcecode.swift; path = TrackersVCLayout.swift; sourceTree = "<group>"; };
		ABC4D6682B0E8F27002F341D /* TrackersDataProcessorImpl.swift */ = {isa = PBXFileReference; lastKnownFileType = sourcecode.swift; path = TrackersDataProcessorImpl.swift; sourceTree = "<group>"; };
		ABC4D66A2B0E9EA0002F341D /* TrackersViewModel.swift */ = {isa = PBXFileReference; lastKnownFileType = sourcecode.swift; path = TrackersViewModel.swift; sourceTree = "<group>"; };
		ABC4D66C2B0FABC1002F341D /* CategoryCreatorVCLayout.swift */ = {isa = PBXFileReference; lastKnownFileType = sourcecode.swift; path = CategoryCreatorVCLayout.swift; sourceTree = "<group>"; };
		ABC4D66E2B0FAE1A002F341D /* CategorySetterVCLayout.swift */ = {isa = PBXFileReference; lastKnownFileType = sourcecode.swift; path = CategorySetterVCLayout.swift; sourceTree = "<group>"; };
		ABC4D6702B0FAFFC002F341D /* ShedulerVCLayout.swift */ = {isa = PBXFileReference; lastKnownFileType = sourcecode.swift; path = ShedulerVCLayout.swift; sourceTree = "<group>"; };
		ABC4D6722B0FB223002F341D /* TrackerCreatorVCLayout.swift */ = {isa = PBXFileReference; lastKnownFileType = sourcecode.swift; path = TrackerCreatorVCLayout.swift; sourceTree = "<group>"; };
		ABC4D6742B12936F002F341D /* AlertPresenterProtocol.swift */ = {isa = PBXFileReference; lastKnownFileType = sourcecode.swift; path = AlertPresenterProtocol.swift; sourceTree = "<group>"; };
		ABC4D6762B12954D002F341D /* AlertController.swift */ = {isa = PBXFileReference; lastKnownFileType = sourcecode.swift; path = AlertController.swift; sourceTree = "<group>"; };
		ABC4D6782B129950002F341D /* ContextMenuConfigurator.swift */ = {isa = PBXFileReference; lastKnownFileType = sourcecode.swift; path = ContextMenuConfigurator.swift; sourceTree = "<group>"; };
		B7CC493668622D1F7F8BC29E /* Pods-Tracker.debug.xcconfig */ = {isa = PBXFileReference; includeInIndex = 1; lastKnownFileType = text.xcconfig; name = "Pods-Tracker.debug.xcconfig"; path = "Target Support Files/Pods-Tracker/Pods-Tracker.debug.xcconfig"; sourceTree = "<group>"; };
		D212262307AB88CCFE061D2B /* Pods_Tracker.framework */ = {isa = PBXFileReference; explicitFileType = wrapper.framework; includeInIndex = 0; path = Pods_Tracker.framework; sourceTree = BUILT_PRODUCTS_DIR; };
		F484FE0C136A2A1A7E800CFB /* Pods-Tracker.release.xcconfig */ = {isa = PBXFileReference; includeInIndex = 1; lastKnownFileType = text.xcconfig; name = "Pods-Tracker.release.xcconfig"; path = "Target Support Files/Pods-Tracker/Pods-Tracker.release.xcconfig"; sourceTree = "<group>"; };
/* End PBXFileReference section */

/* Begin PBXFrameworksBuildPhase section */
		ABAC5C1A2B445CB100C42770 /* Frameworks */ = {
			isa = PBXFrameworksBuildPhase;
			buildActionMask = 2147483647;
			files = (
			);
			runOnlyForDeploymentPostprocessing = 0;
		};
		ABBF3BFF2ADDCEA7005AAD3F /* Frameworks */ = {
			isa = PBXFrameworksBuildPhase;
			buildActionMask = 2147483647;
			files = (
				ABAC5C182B445C7D00C42770 /* SnapshotTesting in Frameworks */,
				ABAC5C162B445C7D00C42770 /* InlineSnapshotTesting in Frameworks */,
				DE33793E8D8DD381EA4BC1D2 /* Pods_Tracker.framework in Frameworks */,
			);
			runOnlyForDeploymentPostprocessing = 0;
		};
/* End PBXFrameworksBuildPhase section */

/* Begin PBXGroup section */
		2B39353453BF9083A2D497DD /* Pods */ = {
			isa = PBXGroup;
			children = (
				B7CC493668622D1F7F8BC29E /* Pods-Tracker.debug.xcconfig */,
				F484FE0C136A2A1A7E800CFB /* Pods-Tracker.release.xcconfig */,
			);
			path = Pods;
			sourceTree = "<group>";
		};
		AB1CBEB42B222A5E001C3300 /* Domain */ = {
			isa = PBXGroup;
			children = (
				AB1CBEB52B222A7F001C3300 /* CategoryDataProvider.swift */,
				AB1CBEB72B223963001C3300 /* CategoryDataProviderDelegate.swift */,
				AB1CBEB92B223B2D001C3300 /* CategoryDataProviderProtocol.swift */,
			);
			path = Domain;
			sourceTree = "<group>";
		};
		AB39A47A2B360562007F6534 /* States */ = {
			isa = PBXGroup;
			children = (
				AB39A47B2B360598007F6534 /* TrackersPlaceholderState.swift */,
			);
			path = States;
			sourceTree = "<group>";
		};
		AB3BD30D2AED16F400BC3BD7 /* TrackerCreater */ = {
			isa = PBXGroup;
			children = (
				AB3BD30E2AED170B00BC3BD7 /* Presentation */,
			);
			path = TrackerCreater;
			sourceTree = "<group>";
		};
		AB3BD30E2AED170B00BC3BD7 /* Presentation */ = {
			isa = PBXGroup;
			children = (
				AB3BD34B2AF6DA3800BC3BD7 /* ScreenState */,
				AB3BD31D2AED8DC800BC3BD7 /* CollectionView */,
				AB3BD3222AED91A300BC3BD7 /* TrackerCreatorViewController.swift */,
				AB3BD3442AF3C74500BC3BD7 /* TrackerCreatorViewModel.swift */,
				ABC4D6722B0FB223002F341D /* TrackerCreatorVCLayout.swift */,
			);
			path = Presentation;
			sourceTree = "<group>";
		};
		AB3BD31A2AED8C6200BC3BD7 /* Cells */ = {
			isa = PBXGroup;
			children = (
				AB3BD31B2AED8CA100BC3BD7 /* EmojiCell.swift */,
				AB3BD3322AEEA4F000BC3BD7 /* ColorsCell.swift */,
				AB3BD3342AEEBAF800BC3BD7 /* ButtonsCell.swift */,
				AB3BD33A2AEFB8A600BC3BD7 /* TrackerCreatorTitleCell.swift */,
				AB3BD33E2AF2B39300BC3BD7 /* TrackerCreatorSettingsCell.swift */,
			);
			path = Cells;
			sourceTree = "<group>";
		};
		AB3BD31D2AED8DC800BC3BD7 /* CollectionView */ = {
			isa = PBXGroup;
			children = (
				AB3BD31A2AED8C6200BC3BD7 /* Cells */,
				AB3BD3492AF6BAC000BC3BD7 /* TrackerCreatorCVCellDelegate.swift */,
				AB3BD34E2AF6E10500BC3BD7 /* CollectionViewDelegateFlowLayout.swift */,
			);
			path = CollectionView;
			sourceTree = "<group>";
		};
		AB3BD3212AED8E9600BC3BD7 /* Properties */ = {
			isa = PBXGroup;
			children = (
				AB3BD3262AED9A6700BC3BD7 /* TrackerEmoji.swift */,
				ABBF3C1D2ADE9C13005AAD3F /* TrackerColor.swift */,
				AB3BD3122AED18C900BC3BD7 /* TrackerType.swift */,
				AB3BD3242AED970500BC3BD7 /* WeekDays.swift */,
			);
			path = Properties;
			sourceTree = "<group>";
		};
		AB3BD3282AED9AD100BC3BD7 /* Models */ = {
			isa = PBXGroup;
			children = (
				AB3BD3292AED9AE800BC3BD7 /* TrackerModel.swift */,
				AB3BD3462AF3CC8E00BC3BD7 /* TrackerCategory.swift */,
				AB3BD3812B05FEA700BC3BD7 /* TrackersPack.swift */,
			);
			path = Models;
			sourceTree = "<group>";
		};
		AB3BD32B2AED9D7F00BC3BD7 /* Protocols */ = {
			isa = PBXGroup;
			children = (
				AB3BD32C2AED9DB000BC3BD7 /* TrackerCategoryRepository.swift */,
				AB3BD3842B06006A00BC3BD7 /* TrackersRepository.swift */,
				AB3BD3892B060EBE00BC3BD7 /* TrackersPackRepository.swift */,
				ABAC5BF02B40A79200C42770 /* StatisticRepository.swift */,
			);
			path = Protocols;
			sourceTree = "<group>";
		};
		AB3BD3432AF2B7FC00BC3BD7 /* States */ = {
			isa = PBXGroup;
			children = (
				AB3BD3412AF2B52600BC3BD7 /* SettingsMenuCellType.swift */,
			);
			path = States;
			sourceTree = "<group>";
		};
		AB3BD34B2AF6DA3800BC3BD7 /* ScreenState */ = {
			isa = PBXGroup;
			children = (
				AB3BD34C2AF6DA6200BC3BD7 /* ApplyButtonState.swift */,
			);
			path = ScreenState;
			sourceTree = "<group>";
		};
		AB3BD3532AF8D2F200BC3BD7 /* Scheduler */ = {
			isa = PBXGroup;
			children = (
				AB3BD35B2AF8DEC600BC3BD7 /* Presentation */,
			);
			path = Scheduler;
			sourceTree = "<group>";
		};
		AB3BD3562AF8D86C00BC3BD7 /* Cells */ = {
			isa = PBXGroup;
			children = (
				AB3BD3572AF8D8E200BC3BD7 /* SchedulerCell.swift */,
				AB3BD3592AF8D9F200BC3BD7 /* SchedulerButtonsCell.swift */,
			);
			path = Cells;
			sourceTree = "<group>";
		};
		AB3BD35B2AF8DEC600BC3BD7 /* Presentation */ = {
			isa = PBXGroup;
			children = (
				AB3BD3622AFC1D7500BC3BD7 /* CollectionView */,
				AB3BD3542AF8D37800BC3BD7 /* SchedulerViewController.swift */,
				ABC4D6702B0FAFFC002F341D /* ShedulerVCLayout.swift */,
				AB3BD35E2AF8E27200BC3BD7 /* SchedulerViewModel.swift */,
			);
			path = Presentation;
			sourceTree = "<group>";
		};
		AB3BD3622AFC1D7500BC3BD7 /* CollectionView */ = {
			isa = PBXGroup;
			children = (
				AB3BD3562AF8D86C00BC3BD7 /* Cells */,
				AB3BD35C2AF8DF0C00BC3BD7 /* SchedulerCellsDelegate.swift */,
				AB3BD3632AFC1E6F00BC3BD7 /* SchedulerCVDelegateFlowLayot.swift */,
			);
			path = CollectionView;
			sourceTree = "<group>";
		};
		AB3BD3672AFE39B300BC3BD7 /* CategorySetter */ = {
			isa = PBXGroup;
			children = (
				AB1CBEB42B222A5E001C3300 /* Domain */,
				AB3BD3682AFE3A2E00BC3BD7 /* Presentation */,
			);
			path = CategorySetter;
			sourceTree = "<group>";
		};
		AB3BD3682AFE3A2E00BC3BD7 /* Presentation */ = {
			isa = PBXGroup;
			children = (
				AB3BD36D2AFFA71D00BC3BD7 /* ScreenState */,
				AB3BD3692AFE3A6F00BC3BD7 /* CollectionView */,
				AB3BD36A2AFE3AA900BC3BD7 /* CategorySetterViewController.swift */,
				AB3BD3702B00E63700BC3BD7 /* CategorySetterViewModel.swift */,
				ABC4D66E2B0FAE1A002F341D /* CategorySetterVCLayout.swift */,
			);
			path = Presentation;
			sourceTree = "<group>";
		};
		AB3BD3692AFE3A6F00BC3BD7 /* CollectionView */ = {
			isa = PBXGroup;
			children = (
				AB3BD3722B00F6A300BC3BD7 /* CategoryCell.swift */,
				AB3BD3742B00FD5600BC3BD7 /* CategorySetterCellDelegate.swift */,
				AB3BD3762B01032F00BC3BD7 /* CategorySetterCVDelegateFlowLayout.swift */,
			);
			path = CollectionView;
			sourceTree = "<group>";
		};
		AB3BD36C2AFFA63800BC3BD7 /* CategoryCreator */ = {
			isa = PBXGroup;
			children = (
				AB3BD3782B01465B00BC3BD7 /* Presentation */,
			);
			path = CategoryCreator;
			sourceTree = "<group>";
		};
		AB3BD36D2AFFA71D00BC3BD7 /* ScreenState */ = {
			isa = PBXGroup;
			children = (
				AB3BD36E2AFFA75A00BC3BD7 /* CategorySetterScreen.swift */,
			);
			path = ScreenState;
			sourceTree = "<group>";
		};
		AB3BD3782B01465B00BC3BD7 /* Presentation */ = {
			isa = PBXGroup;
			children = (
				AB3BD3792B01484000BC3BD7 /* CategoryCreatorViewController.swift */,
				AB3BD37B2B01492D00BC3BD7 /* CategoryCreatorViewModel.swift */,
				ABC4D66C2B0FABC1002F341D /* CategoryCreatorVCLayout.swift */,
			);
			path = Presentation;
			sourceTree = "<group>";
		};
		AB3BD3832B05FF2000BC3BD7 /* ScreenModels */ = {
			isa = PBXGroup;
			children = (
				AB3BD3902B0642CC00BC3BD7 /* TrackerScreenModel.swift */,
				AB3BD3922B06441100BC3BD7 /* TrackersPackScreenModel.swift */,
			);
			path = ScreenModels;
			sourceTree = "<group>";
		};
		AB3BD3862B06026600BC3BD7 /* Repositories */ = {
			isa = PBXGroup;
			children = (
				ABC367992B19FBB9002164EB /* TrackersRepositoryImplCoreData.swift */,
				ABC3679F2B1CDB7F002164EB /* TrackerCategoryRepositoryImplCoreData.swift */,
				ABC367A12B1CE9AF002164EB /* TrackersPackRepositoryImplCoreData.swift */,
				ABAC5BF22B40A82C00C42770 /* StatisticRepositoryImplUserDef.swift */,
			);
			path = Repositories;
			sourceTree = "<group>";
		};
		AB3BD38D2B063E6900BC3BD7 /* CollectionView */ = {
			isa = PBXGroup;
			children = (
				AB3BD3A52B079D0700BC3BD7 /* TrackersCVDelegateFlowLayout.swift */,
				AB3BD3A82B07AE1C00BC3BD7 /* TrackerCell.swift */,
				AB3BD3AA2B07B40E00BC3BD7 /* TrackersCVCellDelegate.swift */,
			);
			path = CollectionView;
			sourceTree = "<group>";
		};
		AB3BD3962B06524100BC3BD7 /* Protocols */ = {
			isa = PBXGroup;
			children = (
				AB3BD3942B06516100BC3BD7 /* TrackerRecordsRepository.swift */,
				AB3BD39A2B065E5800BC3BD7 /* TrackersDataProcessorProtocol.swift */,
				AB39A4722B30D52B007F6534 /* PinnedTrackersRepository.swift */,
			);
			path = Protocols;
			sourceTree = "<group>";
		};
		AB3BD3972B06524C00BC3BD7 /* Data */ = {
			isa = PBXGroup;
			children = (
				AB3BD39F2B06645100BC3BD7 /* DataConverter.swift */,
				AB1CBEB22B1F288C001C3300 /* TrackerRecordsRepositoryImplCoreData.swift */,
				AB39A4742B30D629007F6534 /* PinnedTrackersRepositoryImplUserDef.swift */,
			);
			path = Data;
			sourceTree = "<group>";
		};
		AB3BD39C2B065E7600BC3BD7 /* Service */ = {
			isa = PBXGroup;
			children = (
				ABC4D6682B0E8F27002F341D /* TrackersDataProcessorImpl.swift */,
			);
			path = Service;
			sourceTree = "<group>";
		};
		AB3BD3A72B07ACE400BC3BD7 /* CollectionView */ = {
			isa = PBXGroup;
			children = (
				AB3BD33C2AF2A2BC00BC3BD7 /* SettingsMenuCell.swift */,
				AB3BD3652AFCE09000BC3BD7 /* TitleSupplementaryView.swift */,
				AB3BD3302AEE8E4F00BC3BD7 /* SectionTitleHeaderView.swift */,
			);
			path = CollectionView;
			sourceTree = "<group>";
		};
		AB54859A2AE3FBD5001ED0B1 /* Settings */ = {
			isa = PBXGroup;
			children = (
				ABBF3C252AE18A92005AAD3F /* Fonts.swift */,
			);
			path = Settings;
			sourceTree = "<group>";
		};
		AB54859D2AE40833001ED0B1 /* Presentation */ = {
			isa = PBXGroup;
			children = (
				AB5485A02AE41C21001ED0B1 /* ScreenState */,
				AB54859E2AE40859001ED0B1 /* OnboardingViewController.swift */,
				AB5485A72AE45B1E001ED0B1 /* OnboardingViewModel.swift */,
				AB39A4702B2C5EE7007F6534 /* OnboardingPageViewController.swift */,
			);
			path = Presentation;
			sourceTree = "<group>";
		};
		AB5485A02AE41C21001ED0B1 /* ScreenState */ = {
			isa = PBXGroup;
			children = (
				AB5485A12AE41F2E001ED0B1 /* OndoardingState.swift */,
			);
			path = ScreenState;
			sourceTree = "<group>";
		};
		AB5485A92AE45B54001ED0B1 /* Data */ = {
			isa = PBXGroup;
			children = (
				AB5485AD2AE45C95001ED0B1 /* OnboardingRepositoryImplUserDefaults.swift */,
			);
			path = Data;
			sourceTree = "<group>";
		};
		AB5485AA2AE45B67001ED0B1 /* Protocols */ = {
			isa = PBXGroup;
			children = (
				AB5485AB2AE45BB4001ED0B1 /* OnboardingRepository.swift */,
				AB5485AF2AE45EE3001ED0B1 /* OnboardingViewModelProtocol.swift */,
			);
			path = Protocols;
			sourceTree = "<group>";
		};
		AB5485B12AE54224001ED0B1 /* Models */ = {
			isa = PBXGroup;
			children = (
				AB3BD37F2B05FE3900BC3BD7 /* TrackerRecord.swift */,
				AB39A47D2B38AD45007F6534 /* TrackersPackData.swift */,
			);
			path = Models;
			sourceTree = "<group>";
		};
		AB5485B42AE5B175001ED0B1 /* Data */ = {
			isa = PBXGroup;
			children = (
				ABC3678A2B19E03A002164EB /* Database */,
				AB3BD3862B06026600BC3BD7 /* Repositories */,
				AB5485B52AE5B1DD001ED0B1 /* ObservableData.swift */,
				AB3BD3A12B075D5D00BC3BD7 /* DateFormatterObj.swift */,
			);
			path = Data;
			sourceTree = "<group>";
		};
		AB5485C12AED04F9001ED0B1 /* Protocols */ = {
			isa = PBXGroup;
			children = (
				ABC4D6742B12936F002F341D /* AlertPresenterProtocol.swift */,
				AB5485BB2AE86968001ED0B1 /* ViewVisibilityProtocol.swift */,
			);
			path = Protocols;
			sourceTree = "<group>";
		};
		ABAC5BF42B40B1AE00C42770 /* Domain */ = {
			isa = PBXGroup;
			children = (
				ABAC5BF82B40B44A00C42770 /* StatisticServiceImpl.swift */,
			);
			path = Domain;
			sourceTree = "<group>";
		};
		ABAC5BF52B40B1D200C42770 /* Protocols */ = {
			isa = PBXGroup;
			children = (
				ABAC5BF62B40B21B00C42770 /* StatisticServiceProtocol.swift */,
			);
			path = Protocols;
			sourceTree = "<group>";
		};
		ABAC5BFA2B40C2C300C42770 /* Models */ = {
			isa = PBXGroup;
			children = (
				ABAC5BFB2B40C2E100C42770 /* StatisticScreenModel.swift */,
			);
			path = Models;
			sourceTree = "<group>";
		};
		ABAC5C1E2B445CB100C42770 /* TrackerTests */ = {
			isa = PBXGroup;
			children = (
				ABAC5C1F2B445CB100C42770 /* TrackerTests.swift */,
			);
			path = TrackerTests;
			sourceTree = "<group>";
		};
		ABBF3BF92ADDCEA7005AAD3F = {
			isa = PBXGroup;
			children = (
				ABBF3C042ADDCEA7005AAD3F /* Tracker */,
				ABAC5C1E2B445CB100C42770 /* TrackerTests */,
				ABBF3C032ADDCEA7005AAD3F /* Products */,
				2B39353453BF9083A2D497DD /* Pods */,
				E919226E6D636E4366E91106 /* Frameworks */,
			);
			sourceTree = "<group>";
		};
		ABBF3C032ADDCEA7005AAD3F /* Products */ = {
			isa = PBXGroup;
			children = (
				ABBF3C022ADDCEA7005AAD3F /* Tracker.app */,
				ABAC5C1D2B445CB100C42770 /* TrackerTests.xctest */,
			);
			name = Products;
			sourceTree = "<group>";
		};
		ABBF3C042ADDCEA7005AAD3F /* Tracker */ = {
			isa = PBXGroup;
			children = (
				ABBF3C192ADE931D005AAD3F /* Root */,
				ABBF3C1A2ADE9375005AAD3F /* Features */,
				ABBF3C1F2ADE9FD7005AAD3F /* Resourses */,
				ABBF3C202AE184D3005AAD3F /* Extensions */,
				ABBF3C072ADDCEA7005AAD3F /* SceneDelegate.swift */,
				ABBF3C052ADDCEA7005AAD3F /* AppDelegate.swift */,
				AB5485C62AED1440001ED0B1 /* Main.storyboard */,
				ABBF3C132ADDCEA8005AAD3F /* Info.plist */,
			);
			path = Tracker;
			sourceTree = "<group>";
		};
		ABBF3C192ADE931D005AAD3F /* Root */ = {
			isa = PBXGroup;
			children = (
				AB3BD3432AF2B7FC00BC3BD7 /* States */,
				AB3BD32B2AED9D7F00BC3BD7 /* Protocols */,
				AB3BD3282AED9AD100BC3BD7 /* Models */,
				AB3BD3212AED8E9600BC3BD7 /* Properties */,
				AB5485B42AE5B175001ED0B1 /* Data */,
				ABBF3C1C2ADE9BC8005AAD3F /* Presentation */,
				AB5485A52AE45A86001ED0B1 /* Creator.swift */,
				ABAC5BE12B3DE15400C42770 /* YandexMetricaApiKey.swift */,
				ABAC5BE32B3DE7E600C42770 /* AnalyticsService.swift */,
			);
			path = Root;
			sourceTree = "<group>";
		};
		ABBF3C1A2ADE9375005AAD3F /* Features */ = {
			isa = PBXGroup;
			children = (
				ABC4D6582B0BF737002F341D /* Filter */,
				AB3BD36C2AFFA63800BC3BD7 /* CategoryCreator */,
				AB3BD3672AFE39B300BC3BD7 /* CategorySetter */,
				AB3BD3532AF8D2F200BC3BD7 /* Scheduler */,
				AB3BD30D2AED16F400BC3BD7 /* TrackerCreater */,
				ABBF3C282AE19105005AAD3F /* Statistic */,
				ABBF3C272AE190F4005AAD3F /* Trackers */,
				ABBF3C1B2ADE93E1005AAD3F /* Onboarding */,
			);
			path = Features;
			sourceTree = "<group>";
		};
		ABBF3C1B2ADE93E1005AAD3F /* Onboarding */ = {
			isa = PBXGroup;
			children = (
				AB5485AA2AE45B67001ED0B1 /* Protocols */,
				AB5485A92AE45B54001ED0B1 /* Data */,
				AB54859D2AE40833001ED0B1 /* Presentation */,
			);
			path = Onboarding;
			sourceTree = "<group>";
		};
		ABBF3C1C2ADE9BC8005AAD3F /* Presentation */ = {
			isa = PBXGroup;
			children = (
				AB3BD3A72B07ACE400BC3BD7 /* CollectionView */,
				AB5485C12AED04F9001ED0B1 /* Protocols */,
				AB54859A2AE3FBD5001ED0B1 /* Settings */,
				AB54859B2AE3FBF5001ED0B1 /* TabBarController.swift */,
				AB5485B72AE83D1F001ED0B1 /* BottomSheet.swift */,
				AB5485BF2AED01F9001ED0B1 /* Placeholder.swift */,
				ABC4D6762B12954D002F341D /* AlertController.swift */,
				ABC4D6782B129950002F341D /* ContextMenuConfigurator.swift */,
			);
			path = Presentation;
			sourceTree = "<group>";
		};
		ABBF3C1F2ADE9FD7005AAD3F /* Resourses */ = {
			isa = PBXGroup;
			children = (
				ABBF3C102ADDCEA8005AAD3F /* LaunchScreen.storyboard */,
				ABBF3C0E2ADDCEA8005AAD3F /* Assets.xcassets */,
				AB5DCA7F2B3B3EC400D55AE8 /* Localizable.strings */,
				ABAC5BDF2B3B6B4200C42770 /* Localizable.stringsdict */,
			);
			path = Resourses;
			sourceTree = "<group>";
		};
		ABBF3C202AE184D3005AAD3F /* Extensions */ = {
			isa = PBXGroup;
			children = (
				ABBF3C212AE1853A005AAD3F /* UIColor+Extensions.swift */,
				AB5485A32AE4446A001ED0B1 /* UIView+Extensions.swift */,
				AB3BD37D2B03779600BC3BD7 /* UserDefaults+Extensions.swift */,
				ABC367882B152F56002164EB /* String+Extensions.swift */,
			);
			path = Extensions;
			sourceTree = "<group>";
		};
		ABBF3C272AE190F4005AAD3F /* Trackers */ = {
			isa = PBXGroup;
			children = (
				AB3BD39C2B065E7600BC3BD7 /* Service */,
				AB3BD3972B06524C00BC3BD7 /* Data */,
				AB3BD3962B06524100BC3BD7 /* Protocols */,
				AB5485B12AE54224001ED0B1 /* Models */,
				ABBF3C292AE19111005AAD3F /* Presentation */,
			);
			path = Trackers;
			sourceTree = "<group>";
		};
		ABBF3C282AE19105005AAD3F /* Statistic */ = {
			isa = PBXGroup;
			children = (
				ABAC5BF52B40B1D200C42770 /* Protocols */,
				ABAC5BF42B40B1AE00C42770 /* Domain */,
				ABBF3C2A2AE1911D005AAD3F /* Presentation */,
			);
			path = Statistic;
			sourceTree = "<group>";
		};
		ABBF3C292AE19111005AAD3F /* Presentation */ = {
			isa = PBXGroup;
			children = (
				AB39A47A2B360562007F6534 /* States */,
				AB3BD38D2B063E6900BC3BD7 /* CollectionView */,
				AB3BD3832B05FF2000BC3BD7 /* ScreenModels */,
				AB5485B22AE588AA001ED0B1 /* TrackersViewController.swift */,
				ABC4D6662B0D2407002F341D /* TrackersVCLayout.swift */,
				ABC4D66A2B0E9EA0002F341D /* TrackersViewModel.swift */,
			);
			path = Presentation;
			sourceTree = "<group>";
		};
		ABBF3C2A2AE1911D005AAD3F /* Presentation */ = {
			isa = PBXGroup;
			children = (
				ABAC5BFA2B40C2C300C42770 /* Models */,
				AB5485C22AED0DEA001ED0B1 /* StatisticViewController.swift */,
				ABAC5BE72B3EDF3800C42770 /* StatisticCell.swift */,
				ABAC5BE92B3EE74B00C42770 /* StatisticViewModel.swift */,
			);
			path = Presentation;
			sourceTree = "<group>";
		};
		ABC3678A2B19E03A002164EB /* Database */ = {
			isa = PBXGroup;
			children = (
				ABC3678B2B19E0D4002164EB /* Library.xcdatamodeld */,
				ABC3679D2B1A1B39002164EB /* CoreDataMarshalling.swift */,
			);
			path = Database;
			sourceTree = "<group>";
		};
		ABC4D6582B0BF737002F341D /* Filter */ = {
			isa = PBXGroup;
			children = (
				ABC4D65D2B0BF8E5002F341D /* Properties */,
				ABC4D6592B0BF74C002F341D /* Presentation */,
			);
			path = Filter;
			sourceTree = "<group>";
		};
		ABC4D6592B0BF74C002F341D /* Presentation */ = {
			isa = PBXGroup;
			children = (
				ABC4D65A2B0BF75A002F341D /* CollectionView */,
			);
			path = Presentation;
			sourceTree = "<group>";
		};
		ABC4D65A2B0BF75A002F341D /* CollectionView */ = {
			isa = PBXGroup;
			children = (
				ABC4D65B2B0BF7C0002F341D /* FilterCell.swift */,
				ABC4D6602B0BFBFE002F341D /* FilterCellDelegate.swift */,
				ABC4D6622B0BFE34002F341D /* FilterCVDataSource.swift */,
				ABC4D6642B0D09C4002F341D /* FilterCVFlowLayout.swift */,
			);
			path = CollectionView;
			sourceTree = "<group>";
		};
		ABC4D65D2B0BF8E5002F341D /* Properties */ = {
			isa = PBXGroup;
			children = (
				ABC4D65E2B0BF908002F341D /* FilterState.swift */,
			);
			path = Properties;
			sourceTree = "<group>";
		};
		E919226E6D636E4366E91106 /* Frameworks */ = {
			isa = PBXGroup;
			children = (
				D212262307AB88CCFE061D2B /* Pods_Tracker.framework */,
			);
			name = Frameworks;
			sourceTree = "<group>";
		};
/* End PBXGroup section */

/* Begin PBXNativeTarget section */
		ABAC5C1C2B445CB100C42770 /* TrackerTests */ = {
			isa = PBXNativeTarget;
			buildConfigurationList = ABAC5C232B445CB100C42770 /* Build configuration list for PBXNativeTarget "TrackerTests" */;
			buildPhases = (
				ABAC5C192B445CB100C42770 /* Sources */,
				ABAC5C1A2B445CB100C42770 /* Frameworks */,
				ABAC5C1B2B445CB100C42770 /* Resources */,
			);
			buildRules = (
			);
			dependencies = (
				ABAC5C222B445CB100C42770 /* PBXTargetDependency */,
			);
			name = TrackerTests;
			productName = TrackerTests;
			productReference = ABAC5C1D2B445CB100C42770 /* TrackerTests.xctest */;
			productType = "com.apple.product-type.bundle.unit-test";
		};
		ABBF3C012ADDCEA7005AAD3F /* Tracker */ = {
			isa = PBXNativeTarget;
			buildConfigurationList = ABBF3C162ADDCEA8005AAD3F /* Build configuration list for PBXNativeTarget "Tracker" */;
			buildPhases = (
				918268822318387075ED3B32 /* [CP] Check Pods Manifest.lock */,
				ABBF3BFE2ADDCEA7005AAD3F /* Sources */,
				ABBF3BFF2ADDCEA7005AAD3F /* Frameworks */,
				ABBF3C002ADDCEA7005AAD3F /* Resources */,
				4083A5EA32281E450E5B3AA3 /* [CP] Embed Pods Frameworks */,
			);
			buildRules = (
			);
			dependencies = (
			);
			name = Tracker;
			packageProductDependencies = (
				ABAC5C152B445C7D00C42770 /* InlineSnapshotTesting */,
				ABAC5C172B445C7D00C42770 /* SnapshotTesting */,
			);
			productName = Tracker;
			productReference = ABBF3C022ADDCEA7005AAD3F /* Tracker.app */;
			productType = "com.apple.product-type.application";
		};
/* End PBXNativeTarget section */

/* Begin PBXProject section */
		ABBF3BFA2ADDCEA7005AAD3F /* Project object */ = {
			isa = PBXProject;
			attributes = {
				BuildIndependentTargetsInParallel = 1;
				LastSwiftUpdateCheck = 1430;
				LastUpgradeCheck = 1430;
				TargetAttributes = {
					ABAC5C1C2B445CB100C42770 = {
						CreatedOnToolsVersion = 14.3.1;
						TestTargetID = ABBF3C012ADDCEA7005AAD3F;
					};
					ABBF3C012ADDCEA7005AAD3F = {
						CreatedOnToolsVersion = 14.3.1;
					};
				};
			};
			buildConfigurationList = ABBF3BFD2ADDCEA7005AAD3F /* Build configuration list for PBXProject "Tracker" */;
			compatibilityVersion = "Xcode 14.0";
			developmentRegion = en;
			hasScannedForEncodings = 0;
			knownRegions = (
				en,
				Base,
				ru,
			);
			mainGroup = ABBF3BF92ADDCEA7005AAD3F;
			packageReferences = (
				ABAC5C142B445C7D00C42770 /* XCRemoteSwiftPackageReference "swift-snapshot-testing" */,
			);
			productRefGroup = ABBF3C032ADDCEA7005AAD3F /* Products */;
			projectDirPath = "";
			projectRoot = "";
			targets = (
				ABBF3C012ADDCEA7005AAD3F /* Tracker */,
				ABAC5C1C2B445CB100C42770 /* TrackerTests */,
			);
		};
/* End PBXProject section */

/* Begin PBXResourcesBuildPhase section */
		ABAC5C1B2B445CB100C42770 /* Resources */ = {
			isa = PBXResourcesBuildPhase;
			buildActionMask = 2147483647;
			files = (
			);
			runOnlyForDeploymentPostprocessing = 0;
		};
		ABBF3C002ADDCEA7005AAD3F /* Resources */ = {
			isa = PBXResourcesBuildPhase;
			buildActionMask = 2147483647;
			files = (
				AB5485C72AED1440001ED0B1 /* Main.storyboard in Resources */,
				AB5DCA7D2B3B3EC400D55AE8 /* Localizable.strings in Resources */,
				ABBF3C122ADDCEA8005AAD3F /* LaunchScreen.storyboard in Resources */,
				ABAC5BDD2B3B6B4200C42770 /* Localizable.stringsdict in Resources */,
				ABBF3C0F2ADDCEA8005AAD3F /* Assets.xcassets in Resources */,
			);
			runOnlyForDeploymentPostprocessing = 0;
		};
/* End PBXResourcesBuildPhase section */

/* Begin PBXShellScriptBuildPhase section */
		4083A5EA32281E450E5B3AA3 /* [CP] Embed Pods Frameworks */ = {
			isa = PBXShellScriptBuildPhase;
			buildActionMask = 2147483647;
			files = (
			);
			inputFileListPaths = (
				"${PODS_ROOT}/Target Support Files/Pods-Tracker/Pods-Tracker-frameworks-${CONFIGURATION}-input-files.xcfilelist",
			);
			name = "[CP] Embed Pods Frameworks";
			outputFileListPaths = (
				"${PODS_ROOT}/Target Support Files/Pods-Tracker/Pods-Tracker-frameworks-${CONFIGURATION}-output-files.xcfilelist",
			);
			runOnlyForDeploymentPostprocessing = 0;
			shellPath = /bin/sh;
			shellScript = "\"${PODS_ROOT}/Target Support Files/Pods-Tracker/Pods-Tracker-frameworks.sh\"\n";
			showEnvVarsInLog = 0;
		};
		918268822318387075ED3B32 /* [CP] Check Pods Manifest.lock */ = {
			isa = PBXShellScriptBuildPhase;
			buildActionMask = 2147483647;
			files = (
			);
			inputFileListPaths = (
			);
			inputPaths = (
				"${PODS_PODFILE_DIR_PATH}/Podfile.lock",
				"${PODS_ROOT}/Manifest.lock",
			);
			name = "[CP] Check Pods Manifest.lock";
			outputFileListPaths = (
			);
			outputPaths = (
				"$(DERIVED_FILE_DIR)/Pods-Tracker-checkManifestLockResult.txt",
			);
			runOnlyForDeploymentPostprocessing = 0;
			shellPath = /bin/sh;
			shellScript = "diff \"${PODS_PODFILE_DIR_PATH}/Podfile.lock\" \"${PODS_ROOT}/Manifest.lock\" > /dev/null\nif [ $? != 0 ] ; then\n    # print error to STDERR\n    echo \"error: The sandbox is not in sync with the Podfile.lock. Run 'pod install' or update your CocoaPods installation.\" >&2\n    exit 1\nfi\n# This output is used by Xcode 'outputs' to avoid re-running this script phase.\necho \"SUCCESS\" > \"${SCRIPT_OUTPUT_FILE_0}\"\n";
			showEnvVarsInLog = 0;
		};
/* End PBXShellScriptBuildPhase section */

/* Begin PBXSourcesBuildPhase section */
		ABAC5C192B445CB100C42770 /* Sources */ = {
			isa = PBXSourcesBuildPhase;
			buildActionMask = 2147483647;
			files = (
				ABAC5C202B445CB100C42770 /* TrackerTests.swift in Sources */,
			);
			runOnlyForDeploymentPostprocessing = 0;
		};
		ABBF3BFE2ADDCEA7005AAD3F /* Sources */ = {
			isa = PBXSourcesBuildPhase;
			buildActionMask = 2147483647;
			files = (
				AB3BD36F2AFFA75A00BC3BD7 /* CategorySetterScreen.swift in Sources */,
				AB39A4752B30D629007F6534 /* PinnedTrackersRepositoryImplUserDef.swift in Sources */,
				ABBF3C1E2ADE9C13005AAD3F /* TrackerColor.swift in Sources */,
				AB54859C2AE3FBF5001ED0B1 /* TabBarController.swift in Sources */,
				AB5485A22AE41F2E001ED0B1 /* OndoardingState.swift in Sources */,
				ABC4D65C2B0BF7C0002F341D /* FilterCell.swift in Sources */,
				AB3BD3332AEEA4F000BC3BD7 /* ColorsCell.swift in Sources */,
				ABBF3C222AE1853A005AAD3F /* UIColor+Extensions.swift in Sources */,
				ABAC5BFC2B40C2E100C42770 /* StatisticScreenModel.swift in Sources */,
				AB3BD33D2AF2A2BC00BC3BD7 /* SettingsMenuCell.swift in Sources */,
				ABBF3C062ADDCEA7005AAD3F /* AppDelegate.swift in Sources */,
				ABBF3C262AE18A92005AAD3F /* Fonts.swift in Sources */,
				ABC4D6712B0FAFFC002F341D /* ShedulerVCLayout.swift in Sources */,
				ABC367A22B1CE9AF002164EB /* TrackersPackRepositoryImplCoreData.swift in Sources */,
				AB3BD38A2B060EBE00BC3BD7 /* TrackersPackRepository.swift in Sources */,
				ABC367892B152F56002164EB /* String+Extensions.swift in Sources */,
				ABAC5BF32B40A82C00C42770 /* StatisticRepositoryImplUserDef.swift in Sources */,
				AB39A4732B30D52B007F6534 /* PinnedTrackersRepository.swift in Sources */,
				AB3BD3552AF8D37800BC3BD7 /* SchedulerViewController.swift in Sources */,
				ABC4D6732B0FB223002F341D /* TrackerCreatorVCLayout.swift in Sources */,
				ABC3679A2B19FBB9002164EB /* TrackersRepositoryImplCoreData.swift in Sources */,
				AB3BD3772B01032F00BC3BD7 /* CategorySetterCVDelegateFlowLayout.swift in Sources */,
				AB3BD3A22B075D5D00BC3BD7 /* DateFormatterObj.swift in Sources */,
				AB3BD31C2AED8CA100BC3BD7 /* EmojiCell.swift in Sources */,
				AB39A4712B2C5EE7007F6534 /* OnboardingPageViewController.swift in Sources */,
				AB5485AE2AE45C95001ED0B1 /* OnboardingRepositoryImplUserDefaults.swift in Sources */,
				AB5485A82AE45B1E001ED0B1 /* OnboardingViewModel.swift in Sources */,
				ABC367A02B1CDB7F002164EB /* TrackerCategoryRepositoryImplCoreData.swift in Sources */,
				AB1CBEBA2B223B2D001C3300 /* CategoryDataProviderProtocol.swift in Sources */,
				AB3BD3912B0642CC00BC3BD7 /* TrackerScreenModel.swift in Sources */,
				ABBF3C082ADDCEA7005AAD3F /* SceneDelegate.swift in Sources */,
				AB3BD3A92B07AE1C00BC3BD7 /* TrackerCell.swift in Sources */,
				AB39A47C2B360598007F6534 /* TrackersPlaceholderState.swift in Sources */,
				AB3BD3582AF8D8E200BC3BD7 /* SchedulerCell.swift in Sources */,
				AB3BD33B2AEFB8A600BC3BD7 /* TrackerCreatorTitleCell.swift in Sources */,
				ABAC5BF92B40B44A00C42770 /* StatisticServiceImpl.swift in Sources */,
				ABC3679E2B1A1B39002164EB /* CoreDataMarshalling.swift in Sources */,
				AB3BD3312AEE8E4F00BC3BD7 /* SectionTitleHeaderView.swift in Sources */,
				AB3BD3A62B079D0700BC3BD7 /* TrackersCVDelegateFlowLayout.swift in Sources */,
				AB3BD32A2AED9AE800BC3BD7 /* TrackerModel.swift in Sources */,
				ABC4D6792B129950002F341D /* ContextMenuConfigurator.swift in Sources */,
				ABC4D6772B12954D002F341D /* AlertController.swift in Sources */,
				AB3BD33F2AF2B39300BC3BD7 /* TrackerCreatorSettingsCell.swift in Sources */,
				AB1CBEB82B223963001C3300 /* CategoryDataProviderDelegate.swift in Sources */,
				ABAC5BF12B40A79200C42770 /* StatisticRepository.swift in Sources */,
				AB3BD36B2AFE3AA900BC3BD7 /* CategorySetterViewController.swift in Sources */,
				AB3BD3A02B06645100BC3BD7 /* DataConverter.swift in Sources */,
				ABC4D66F2B0FAE1A002F341D /* CategorySetterVCLayout.swift in Sources */,
				AB5485C32AED0DEA001ED0B1 /* StatisticViewController.swift in Sources */,
				ABC4D6652B0D09C4002F341D /* FilterCVFlowLayout.swift in Sources */,
				ABC4D65F2B0BF908002F341D /* FilterState.swift in Sources */,
				AB3BD37C2B01492D00BC3BD7 /* CategoryCreatorViewModel.swift in Sources */,
				ABAC5BE22B3DE15400C42770 /* YandexMetricaApiKey.swift in Sources */,
				AB5485A62AE45A86001ED0B1 /* Creator.swift in Sources */,
				ABC4D66B2B0E9EA0002F341D /* TrackersViewModel.swift in Sources */,
				AB3BD35D2AF8DF0C00BC3BD7 /* SchedulerCellsDelegate.swift in Sources */,
				AB3BD3472AF3CC8E00BC3BD7 /* TrackerCategory.swift in Sources */,
				AB3BD37A2B01484000BC3BD7 /* CategoryCreatorViewController.swift in Sources */,
				AB3BD3662AFCE09000BC3BD7 /* TitleSupplementaryView.swift in Sources */,
				AB3BD3AB2B07B40E00BC3BD7 /* TrackersCVCellDelegate.swift in Sources */,
				AB5485B02AE45EE3001ED0B1 /* OnboardingViewModelProtocol.swift in Sources */,
				AB3BD3252AED970500BC3BD7 /* WeekDays.swift in Sources */,
				ABC4D6752B12936F002F341D /* AlertPresenterProtocol.swift in Sources */,
				AB5485B32AE588AA001ED0B1 /* TrackersViewController.swift in Sources */,
				AB3BD37E2B03779600BC3BD7 /* UserDefaults+Extensions.swift in Sources */,
				AB5485BC2AE86968001ED0B1 /* ViewVisibilityProtocol.swift in Sources */,
				AB3BD3852B06006A00BC3BD7 /* TrackersRepository.swift in Sources */,
				AB1CBEB62B222A7F001C3300 /* CategoryDataProvider.swift in Sources */,
				ABC3678D2B19E0D4002164EB /* Library.xcdatamodeld in Sources */,
				AB3BD3422AF2B52600BC3BD7 /* SettingsMenuCellType.swift in Sources */,
				AB3BD3132AED18C900BC3BD7 /* TrackerType.swift in Sources */,
				ABC4D6632B0BFE34002F341D /* FilterCVDataSource.swift in Sources */,
				AB3BD3352AEEBAF800BC3BD7 /* ButtonsCell.swift in Sources */,
				AB3BD3822B05FEA700BC3BD7 /* TrackersPack.swift in Sources */,
				AB5485B82AE83D1F001ED0B1 /* BottomSheet.swift in Sources */,
				ABC4D6672B0D2407002F341D /* TrackersVCLayout.swift in Sources */,
				AB54859F2AE40859001ED0B1 /* OnboardingViewController.swift in Sources */,
				AB3BD3452AF3C74500BC3BD7 /* TrackerCreatorViewModel.swift in Sources */,
				AB3BD3232AED91A300BC3BD7 /* TrackerCreatorViewController.swift in Sources */,
				AB3BD32D2AED9DB000BC3BD7 /* TrackerCategoryRepository.swift in Sources */,
				AB3BD3952B06516100BC3BD7 /* TrackerRecordsRepository.swift in Sources */,
				AB3BD3732B00F6A300BC3BD7 /* CategoryCell.swift in Sources */,
				AB3BD3712B00E63700BC3BD7 /* CategorySetterViewModel.swift in Sources */,
				AB3BD3752B00FD5600BC3BD7 /* CategorySetterCellDelegate.swift in Sources */,
				AB5485A42AE4446A001ED0B1 /* UIView+Extensions.swift in Sources */,
				ABAC5BE82B3EDF3900C42770 /* StatisticCell.swift in Sources */,
				AB3BD3802B05FE3900BC3BD7 /* TrackerRecord.swift in Sources */,
				AB3BD3642AFC1E6F00BC3BD7 /* SchedulerCVDelegateFlowLayot.swift in Sources */,
				ABC4D66D2B0FABC1002F341D /* CategoryCreatorVCLayout.swift in Sources */,
				AB3BD34F2AF6E10500BC3BD7 /* CollectionViewDelegateFlowLayout.swift in Sources */,
				AB3BD34D2AF6DA6200BC3BD7 /* ApplyButtonState.swift in Sources */,
				ABAC5BE42B3DE7E600C42770 /* AnalyticsService.swift in Sources */,
				AB3BD3272AED9A6700BC3BD7 /* TrackerEmoji.swift in Sources */,
				AB5485B62AE5B1DD001ED0B1 /* ObservableData.swift in Sources */,
				AB39A47E2B38AD45007F6534 /* TrackersPackData.swift in Sources */,
				ABC4D6612B0BFBFE002F341D /* FilterCellDelegate.swift in Sources */,
				AB3BD39B2B065E5800BC3BD7 /* TrackersDataProcessorProtocol.swift in Sources */,
				ABC4D6692B0E8F27002F341D /* TrackersDataProcessorImpl.swift in Sources */,
				AB3BD35F2AF8E27200BC3BD7 /* SchedulerViewModel.swift in Sources */,
				AB5485AC2AE45BB4001ED0B1 /* OnboardingRepository.swift in Sources */,
				AB3BD35A2AF8D9F200BC3BD7 /* SchedulerButtonsCell.swift in Sources */,
				ABAC5BF72B40B21B00C42770 /* StatisticServiceProtocol.swift in Sources */,
				AB3BD3932B06441100BC3BD7 /* TrackersPackScreenModel.swift in Sources */,
				AB1CBEB32B1F288C001C3300 /* TrackerRecordsRepositoryImplCoreData.swift in Sources */,
				ABAC5BEA2B3EE74B00C42770 /* StatisticViewModel.swift in Sources */,
				AB5485C02AED01F9001ED0B1 /* Placeholder.swift in Sources */,
				AB3BD34A2AF6BAC000BC3BD7 /* TrackerCreatorCVCellDelegate.swift in Sources */,
			);
			runOnlyForDeploymentPostprocessing = 0;
		};
/* End PBXSourcesBuildPhase section */

/* Begin PBXTargetDependency section */
		ABAC5C222B445CB100C42770 /* PBXTargetDependency */ = {
			isa = PBXTargetDependency;
			target = ABBF3C012ADDCEA7005AAD3F /* Tracker */;
			targetProxy = ABAC5C212B445CB100C42770 /* PBXContainerItemProxy */;
		};
/* End PBXTargetDependency section */

/* Begin PBXVariantGroup section */
		AB5DCA7F2B3B3EC400D55AE8 /* Localizable.strings */ = {
			isa = PBXVariantGroup;
			children = (
				AB5DCA7E2B3B3EC400D55AE8 /* en */,
				ABAC5BDA2B3B459B00C42770 /* ru */,
			);
			name = Localizable.strings;
			sourceTree = "<group>";
		};
		ABAC5BDF2B3B6B4200C42770 /* Localizable.stringsdict */ = {
			isa = PBXVariantGroup;
			children = (
				ABAC5BDE2B3B6B4200C42770 /* ru */,
				ABAC5BE02B3B924300C42770 /* en */,
			);
			name = Localizable.stringsdict;
			sourceTree = "<group>";
		};
		ABBF3C102ADDCEA8005AAD3F /* LaunchScreen.storyboard */ = {
			isa = PBXVariantGroup;
			children = (
				ABBF3C112ADDCEA8005AAD3F /* Base */,
			);
			name = LaunchScreen.storyboard;
			sourceTree = "<group>";
		};
/* End PBXVariantGroup section */

/* Begin XCBuildConfiguration section */
		ABAC5C242B445CB100C42770 /* Debug */ = {
			isa = XCBuildConfiguration;
			buildSettings = {
				BUNDLE_LOADER = "$(TEST_HOST)";
				CODE_SIGN_STYLE = Automatic;
				CURRENT_PROJECT_VERSION = 1;
				DEVELOPMENT_TEAM = 558TDNW6Z7;
				GENERATE_INFOPLIST_FILE = YES;
				MARKETING_VERSION = 1.0;
				PRODUCT_BUNDLE_IDENTIFIER = ru.TheABCDEngineer.TrackerTests;
				PRODUCT_NAME = "$(TARGET_NAME)";
				SUPPORTED_PLATFORMS = "iphoneos iphonesimulator";
				SUPPORTS_MACCATALYST = NO;
				SUPPORTS_MAC_DESIGNED_FOR_IPHONE_IPAD = NO;
				SWIFT_EMIT_LOC_STRINGS = NO;
				SWIFT_VERSION = 5.0;
				TARGETED_DEVICE_FAMILY = 1;
				TEST_HOST = "$(BUILT_PRODUCTS_DIR)/Tracker.app/$(BUNDLE_EXECUTABLE_FOLDER_PATH)/Tracker";
			};
			name = Debug;
		};
		ABAC5C252B445CB100C42770 /* Release */ = {
			isa = XCBuildConfiguration;
			buildSettings = {
				BUNDLE_LOADER = "$(TEST_HOST)";
				CODE_SIGN_STYLE = Automatic;
				CURRENT_PROJECT_VERSION = 1;
				DEVELOPMENT_TEAM = 558TDNW6Z7;
				GENERATE_INFOPLIST_FILE = YES;
				MARKETING_VERSION = 1.0;
				PRODUCT_BUNDLE_IDENTIFIER = ru.TheABCDEngineer.TrackerTests;
				PRODUCT_NAME = "$(TARGET_NAME)";
				SUPPORTED_PLATFORMS = "iphoneos iphonesimulator";
				SUPPORTS_MACCATALYST = NO;
				SUPPORTS_MAC_DESIGNED_FOR_IPHONE_IPAD = NO;
				SWIFT_EMIT_LOC_STRINGS = NO;
				SWIFT_VERSION = 5.0;
				TARGETED_DEVICE_FAMILY = 1;
				TEST_HOST = "$(BUILT_PRODUCTS_DIR)/Tracker.app/$(BUNDLE_EXECUTABLE_FOLDER_PATH)/Tracker";
			};
			name = Release;
		};
		ABBF3C142ADDCEA8005AAD3F /* Debug */ = {
			isa = XCBuildConfiguration;
			buildSettings = {
				ALWAYS_SEARCH_USER_PATHS = NO;
				CLANG_ANALYZER_LOCALIZABILITY_NONLOCALIZED = YES;
				CLANG_ANALYZER_NONNULL = YES;
				CLANG_ANALYZER_NUMBER_OBJECT_CONVERSION = YES_AGGRESSIVE;
				CLANG_CXX_LANGUAGE_STANDARD = "gnu++20";
				CLANG_ENABLE_MODULES = YES;
				CLANG_ENABLE_OBJC_ARC = YES;
				CLANG_ENABLE_OBJC_WEAK = YES;
				CLANG_WARN_BLOCK_CAPTURE_AUTORELEASING = YES;
				CLANG_WARN_BOOL_CONVERSION = YES;
				CLANG_WARN_COMMA = YES;
				CLANG_WARN_CONSTANT_CONVERSION = YES;
				CLANG_WARN_DEPRECATED_OBJC_IMPLEMENTATIONS = YES;
				CLANG_WARN_DIRECT_OBJC_ISA_USAGE = YES_ERROR;
				CLANG_WARN_DOCUMENTATION_COMMENTS = YES;
				CLANG_WARN_EMPTY_BODY = YES;
				CLANG_WARN_ENUM_CONVERSION = YES;
				CLANG_WARN_INFINITE_RECURSION = YES;
				CLANG_WARN_INT_CONVERSION = YES;
				CLANG_WARN_NON_LITERAL_NULL_CONVERSION = YES;
				CLANG_WARN_OBJC_IMPLICIT_RETAIN_SELF = YES;
				CLANG_WARN_OBJC_LITERAL_CONVERSION = YES;
				CLANG_WARN_OBJC_ROOT_CLASS = YES_ERROR;
				CLANG_WARN_QUOTED_INCLUDE_IN_FRAMEWORK_HEADER = YES;
				CLANG_WARN_RANGE_LOOP_ANALYSIS = YES;
				CLANG_WARN_STRICT_PROTOTYPES = YES;
				CLANG_WARN_SUSPICIOUS_MOVE = YES;
				CLANG_WARN_UNGUARDED_AVAILABILITY = YES_AGGRESSIVE;
				CLANG_WARN_UNREACHABLE_CODE = YES;
				CLANG_WARN__DUPLICATE_METHOD_MATCH = YES;
				COPY_PHASE_STRIP = NO;
				DEBUG_INFORMATION_FORMAT = dwarf;
				ENABLE_STRICT_OBJC_MSGSEND = YES;
				ENABLE_TESTABILITY = YES;
				GCC_C_LANGUAGE_STANDARD = gnu11;
				GCC_DYNAMIC_NO_PIC = NO;
				GCC_NO_COMMON_BLOCKS = YES;
				GCC_OPTIMIZATION_LEVEL = 0;
				GCC_PREPROCESSOR_DEFINITIONS = (
					"DEBUG=1",
					"$(inherited)",
				);
				GCC_WARN_64_TO_32_BIT_CONVERSION = YES;
				GCC_WARN_ABOUT_RETURN_TYPE = YES_ERROR;
				GCC_WARN_UNDECLARED_SELECTOR = YES;
				GCC_WARN_UNINITIALIZED_AUTOS = YES_AGGRESSIVE;
				GCC_WARN_UNUSED_FUNCTION = YES;
				GCC_WARN_UNUSED_VARIABLE = YES;
				IPHONEOS_DEPLOYMENT_TARGET = 16.4;
				MTL_ENABLE_DEBUG_INFO = INCLUDE_SOURCE;
				MTL_FAST_MATH = YES;
				ONLY_ACTIVE_ARCH = YES;
				SDKROOT = iphoneos;
				SWIFT_ACTIVE_COMPILATION_CONDITIONS = DEBUG;
				SWIFT_OPTIMIZATION_LEVEL = "-Onone";
			};
			name = Debug;
		};
		ABBF3C152ADDCEA8005AAD3F /* Release */ = {
			isa = XCBuildConfiguration;
			buildSettings = {
				ALWAYS_SEARCH_USER_PATHS = NO;
				CLANG_ANALYZER_LOCALIZABILITY_NONLOCALIZED = YES;
				CLANG_ANALYZER_NONNULL = YES;
				CLANG_ANALYZER_NUMBER_OBJECT_CONVERSION = YES_AGGRESSIVE;
				CLANG_CXX_LANGUAGE_STANDARD = "gnu++20";
				CLANG_ENABLE_MODULES = YES;
				CLANG_ENABLE_OBJC_ARC = YES;
				CLANG_ENABLE_OBJC_WEAK = YES;
				CLANG_WARN_BLOCK_CAPTURE_AUTORELEASING = YES;
				CLANG_WARN_BOOL_CONVERSION = YES;
				CLANG_WARN_COMMA = YES;
				CLANG_WARN_CONSTANT_CONVERSION = YES;
				CLANG_WARN_DEPRECATED_OBJC_IMPLEMENTATIONS = YES;
				CLANG_WARN_DIRECT_OBJC_ISA_USAGE = YES_ERROR;
				CLANG_WARN_DOCUMENTATION_COMMENTS = YES;
				CLANG_WARN_EMPTY_BODY = YES;
				CLANG_WARN_ENUM_CONVERSION = YES;
				CLANG_WARN_INFINITE_RECURSION = YES;
				CLANG_WARN_INT_CONVERSION = YES;
				CLANG_WARN_NON_LITERAL_NULL_CONVERSION = YES;
				CLANG_WARN_OBJC_IMPLICIT_RETAIN_SELF = YES;
				CLANG_WARN_OBJC_LITERAL_CONVERSION = YES;
				CLANG_WARN_OBJC_ROOT_CLASS = YES_ERROR;
				CLANG_WARN_QUOTED_INCLUDE_IN_FRAMEWORK_HEADER = YES;
				CLANG_WARN_RANGE_LOOP_ANALYSIS = YES;
				CLANG_WARN_STRICT_PROTOTYPES = YES;
				CLANG_WARN_SUSPICIOUS_MOVE = YES;
				CLANG_WARN_UNGUARDED_AVAILABILITY = YES_AGGRESSIVE;
				CLANG_WARN_UNREACHABLE_CODE = YES;
				CLANG_WARN__DUPLICATE_METHOD_MATCH = YES;
				COPY_PHASE_STRIP = NO;
				DEBUG_INFORMATION_FORMAT = "dwarf-with-dsym";
				ENABLE_NS_ASSERTIONS = NO;
				ENABLE_STRICT_OBJC_MSGSEND = YES;
				GCC_C_LANGUAGE_STANDARD = gnu11;
				GCC_NO_COMMON_BLOCKS = YES;
				GCC_WARN_64_TO_32_BIT_CONVERSION = YES;
				GCC_WARN_ABOUT_RETURN_TYPE = YES_ERROR;
				GCC_WARN_UNDECLARED_SELECTOR = YES;
				GCC_WARN_UNINITIALIZED_AUTOS = YES_AGGRESSIVE;
				GCC_WARN_UNUSED_FUNCTION = YES;
				GCC_WARN_UNUSED_VARIABLE = YES;
				IPHONEOS_DEPLOYMENT_TARGET = 16.4;
				MTL_ENABLE_DEBUG_INFO = NO;
				MTL_FAST_MATH = YES;
				SDKROOT = iphoneos;
				SWIFT_COMPILATION_MODE = wholemodule;
				SWIFT_OPTIMIZATION_LEVEL = "-O";
				VALIDATE_PRODUCT = YES;
			};
			name = Release;
		};
		ABBF3C172ADDCEA8005AAD3F /* Debug */ = {
			isa = XCBuildConfiguration;
			baseConfigurationReference = B7CC493668622D1F7F8BC29E /* Pods-Tracker.debug.xcconfig */;
			buildSettings = {
				ASSETCATALOG_COMPILER_APPICON_NAME = AppIcon;
				ASSETCATALOG_COMPILER_GLOBAL_ACCENT_COLOR_NAME = AccentColor;
				CODE_SIGN_STYLE = Automatic;
				CURRENT_PROJECT_VERSION = 1;
				DEVELOPMENT_TEAM = 558TDNW6Z7;
				GENERATE_INFOPLIST_FILE = YES;
				INFOPLIST_FILE = Tracker/Info.plist;
				INFOPLIST_KEY_UIApplicationSupportsIndirectInputEvents = YES;
				INFOPLIST_KEY_UILaunchStoryboardName = LaunchScreen;
				INFOPLIST_KEY_UIMainStoryboardFile = Main;
				INFOPLIST_KEY_UISupportedInterfaceOrientations = UIInterfaceOrientationPortrait;
				INFOPLIST_KEY_UISupportedInterfaceOrientations_iPad = "UIInterfaceOrientationLandscapeLeft UIInterfaceOrientationLandscapeRight UIInterfaceOrientationPortrait UIInterfaceOrientationPortraitUpsideDown";
				IPHONEOS_DEPLOYMENT_TARGET = 13.4;
				LD_RUNPATH_SEARCH_PATHS = (
					"$(inherited)",
					"@executable_path/Frameworks",
				);
				MARKETING_VERSION = 1.0;
				PRODUCT_BUNDLE_IDENTIFIER = ru.TheABCDEngineer.Tracker;
				PRODUCT_NAME = "$(TARGET_NAME)";
				SUPPORTED_PLATFORMS = "iphoneos iphonesimulator";
				SUPPORTS_MACCATALYST = NO;
				SUPPORTS_MAC_DESIGNED_FOR_IPHONE_IPAD = NO;
				SWIFT_EMIT_LOC_STRINGS = YES;
				SWIFT_VERSION = 5.0;
				TARGETED_DEVICE_FAMILY = 1;
			};
			name = Debug;
		};
		ABBF3C182ADDCEA8005AAD3F /* Release */ = {
			isa = XCBuildConfiguration;
			baseConfigurationReference = F484FE0C136A2A1A7E800CFB /* Pods-Tracker.release.xcconfig */;
			buildSettings = {
				ASSETCATALOG_COMPILER_APPICON_NAME = AppIcon;
				ASSETCATALOG_COMPILER_GLOBAL_ACCENT_COLOR_NAME = AccentColor;
				CODE_SIGN_STYLE = Automatic;
				CURRENT_PROJECT_VERSION = 1;
				DEVELOPMENT_TEAM = 558TDNW6Z7;
				GENERATE_INFOPLIST_FILE = YES;
				INFOPLIST_FILE = Tracker/Info.plist;
				INFOPLIST_KEY_UIApplicationSupportsIndirectInputEvents = YES;
				INFOPLIST_KEY_UILaunchStoryboardName = LaunchScreen;
				INFOPLIST_KEY_UIMainStoryboardFile = Main;
				INFOPLIST_KEY_UISupportedInterfaceOrientations = UIInterfaceOrientationPortrait;
				INFOPLIST_KEY_UISupportedInterfaceOrientations_iPad = "UIInterfaceOrientationLandscapeLeft UIInterfaceOrientationLandscapeRight UIInterfaceOrientationPortrait UIInterfaceOrientationPortraitUpsideDown";
				IPHONEOS_DEPLOYMENT_TARGET = 13.4;
				LD_RUNPATH_SEARCH_PATHS = (
					"$(inherited)",
					"@executable_path/Frameworks",
				);
				MARKETING_VERSION = 1.0;
				PRODUCT_BUNDLE_IDENTIFIER = ru.TheABCDEngineer.Tracker;
				PRODUCT_NAME = "$(TARGET_NAME)";
				SUPPORTED_PLATFORMS = "iphoneos iphonesimulator";
				SUPPORTS_MACCATALYST = NO;
				SUPPORTS_MAC_DESIGNED_FOR_IPHONE_IPAD = NO;
				SWIFT_EMIT_LOC_STRINGS = YES;
				SWIFT_VERSION = 5.0;
				TARGETED_DEVICE_FAMILY = 1;
			};
			name = Release;
		};
/* End XCBuildConfiguration section */

/* Begin XCConfigurationList section */
		ABAC5C232B445CB100C42770 /* Build configuration list for PBXNativeTarget "TrackerTests" */ = {
			isa = XCConfigurationList;
			buildConfigurations = (
				ABAC5C242B445CB100C42770 /* Debug */,
				ABAC5C252B445CB100C42770 /* Release */,
			);
			defaultConfigurationIsVisible = 0;
			defaultConfigurationName = Release;
		};
		ABBF3BFD2ADDCEA7005AAD3F /* Build configuration list for PBXProject "Tracker" */ = {
			isa = XCConfigurationList;
			buildConfigurations = (
				ABBF3C142ADDCEA8005AAD3F /* Debug */,
				ABBF3C152ADDCEA8005AAD3F /* Release */,
			);
			defaultConfigurationIsVisible = 0;
			defaultConfigurationName = Release;
		};
		ABBF3C162ADDCEA8005AAD3F /* Build configuration list for PBXNativeTarget "Tracker" */ = {
			isa = XCConfigurationList;
			buildConfigurations = (
				ABBF3C172ADDCEA8005AAD3F /* Debug */,
				ABBF3C182ADDCEA8005AAD3F /* Release */,
			);
			defaultConfigurationIsVisible = 0;
			defaultConfigurationName = Release;
		};
/* End XCConfigurationList section */

/* Begin XCRemoteSwiftPackageReference section */
		ABAC5C142B445C7D00C42770 /* XCRemoteSwiftPackageReference "swift-snapshot-testing" */ = {
			isa = XCRemoteSwiftPackageReference;
			repositoryURL = "https://github.com/pointfreeco/swift-snapshot-testing";
			requirement = {
				kind = exactVersion;
				version = 1.15.1;
			};
		};
/* End XCRemoteSwiftPackageReference section */

/* Begin XCSwiftPackageProductDependency section */
		ABAC5C152B445C7D00C42770 /* InlineSnapshotTesting */ = {
			isa = XCSwiftPackageProductDependency;
			package = ABAC5C142B445C7D00C42770 /* XCRemoteSwiftPackageReference "swift-snapshot-testing" */;
			productName = InlineSnapshotTesting;
		};
		ABAC5C172B445C7D00C42770 /* SnapshotTesting */ = {
			isa = XCSwiftPackageProductDependency;
			package = ABAC5C142B445C7D00C42770 /* XCRemoteSwiftPackageReference "swift-snapshot-testing" */;
			productName = SnapshotTesting;
		};
/* End XCSwiftPackageProductDependency section */

/* Begin XCVersionGroup section */
		ABC3678B2B19E0D4002164EB /* Library.xcdatamodeld */ = {
			isa = XCVersionGroup;
			children = (
				ABC3678C2B19E0D4002164EB /* Library.xcdatamodel */,
			);
			currentVersion = ABC3678C2B19E0D4002164EB /* Library.xcdatamodel */;
			path = Library.xcdatamodeld;
			sourceTree = "<group>";
			versionGroupType = wrapper.xcdatamodel;
		};
/* End XCVersionGroup section */
	};
	rootObject = ABBF3BFA2ADDCEA7005AAD3F /* Project object */;
}
